
Microsoft Visual Studio Solution File, Format Version 12.00
# Visual Studio 15
VisualStudioVersion = 15.0.28307.539
MinimumVisualStudioVersion = 10.0.40219.1
Project("{FAE04EC0-301F-11D3-BF4B-00C04F79EFBC}") = "dev_validator_C", "dev_validator_C\dev_validator_C.csproj", "{89E53C47-5189-4FAE-AE59-C48C31477783}"
EndProject
Project("{2150E333-8FDC-42A3-9474-1A3956D46DE8}") = "Solution Items", "Solution Items", "{672F46FC-BD77-4A44-9021-57B96A7583CA}"
	ProjectSection(SolutionItems) = preProject
		build_web_root.bat = build_web_root.bat
		deploy_task.bat = deploy_task.bat
		deploy_XAMPP_local.bat = deploy_XAMPP_local.bat
		dev_clear.bat = dev_clear.bat
		rebuild_and_deploy_XAMPP_local.bat = rebuild_and_deploy_XAMPP_local.bat
		Settings.ico = Settings.ico
	EndProjectSection
EndProject
Project("{2150E333-8FDC-42A3-9474-1A3956D46DE8}") = "tasks_source_code", "tasks_source_code", "{413FB722-6CC8-4EDC-88CC-DE643CEF879F}"
EndProject
Project("{FAE04EC0-301F-11D3-BF4B-00C04F79EFBC}") = "01_Form_01", "tasks_source_code\01_Form_01\01_Form_01.csproj", "{65A901DD-158C-4E54-A929-17F0C714D1CB}"
EndProject
Project("{2150E333-8FDC-42A3-9474-1A3956D46DE8}") = "dev_root", "dev_root", "{6775DFB8-4130-4DF8-8454-D98A21052E13}"
	ProjectSection(SolutionItems) = preProject
		dev_root\1.php = dev_root\1.php
		dev_root\2.php = dev_root\2.php
		dev_root\access_wall.php = dev_root\access_wall.php
		dev_root\db_connect.php = dev_root\db_connect.php
		dev_root\favicon.ico = dev_root\favicon.ico
		dev_root\head_meta_tags.php = dev_root\head_meta_tags.php
		dev_root\header.php = dev_root\header.php
		dev_root\index.html = dev_root\index.html
		dev_root\index.php = dev_root\index.php
		dev_root\index_dev.php = dev_root\index_dev.php
		dev_root\logout.php = dev_root\logout.php
		dev_root\main_config.php = dev_root\main_config.php
		dev_root\nav_menu.php = dev_root\nav_menu.php
		dev_root\progress_chart.php = dev_root\progress_chart.php
		dev_root\t_task.php = dev_root\t_task.php
		dev_root\task_core.php = dev_root\task_core.php
		dev_root\validator_be.php = dev_root\validator_be.php
		dev_root\validator_fe.php = dev_root\validator_fe.php
	EndProjectSection
EndProject
Project("{2150E333-8FDC-42A3-9474-1A3956D46DE8}") = "_css", "_css", "{E73411AD-D911-492D-AB7E-018EA0018988}"
	ProjectSection(SolutionItems) = preProject
		dev_root\_css\global.css = dev_root\_css\global.css
	EndProjectSection
EndProject
Project("{FAE04EC0-301F-11D3-BF4B-00C04F79EFBC}") = "uts_tests", "uts_tests\uts_tests.csproj", "{D2D745FA-467C-4F8A-BA34-4E20B126647E}"
EndProject
Project("{FAE04EC0-301F-11D3-BF4B-00C04F79EFBC}") = "01_Form_02", "tasks_source_code\01_Form_02\01_Form_02.csproj", "{6B815622-E677-4F85-A3F9-A595EA79487A}"
EndProject
Project("{FAE04EC0-301F-11D3-BF4B-00C04F79EFBC}") = "01_Form_03", "tasks_source_code\01_Form_03\01_Form_03.csproj", "{1366742E-5CE9-4CD7-9A1A-9A27F8C3C4EB}"
EndProject
Project("{FAE04EC0-301F-11D3-BF4B-00C04F79EFBC}") = "01_Form_04", "tasks_source_code\01_Form_04\01_Form_04.csproj", "{32FCCC38-7C10-489C-B481-DE2DD61EF38F}"
EndProject
Project("{FAE04EC0-301F-11D3-BF4B-00C04F79EFBC}") = "01_Form_05", "tasks_source_code\01_Form_05\01_Form_05.csproj", "{EFB2ECEE-17AD-4AE7-85E2-908401DC8606}"
EndProject
Project("{FAE04EC0-301F-11D3-BF4B-00C04F79EFBC}") = "01_Form_06", "tasks_source_code\01_Form_06\01_Form_06.csproj", "{79618A7A-F01E-4B83-96E3-187165E70DD3}"
EndProject
Project("{FAE04EC0-301F-11D3-BF4B-00C04F79EFBC}") = "TaskCreator", "TaskCreator\TaskCreator.csproj", "{D897C39E-1C99-4CF3-BFCE-0DD77A344B16}"
EndProject
Project("{FAE04EC0-301F-11D3-BF4B-00C04F79EFBC}") = "01_Form_07", "tasks_source_code\01_Form_07\01_Form_07.csproj", "{4D368EF4-2676-4367-BFAE-53F1C4701F5E}"
EndProject
Project("{FAE04EC0-301F-11D3-BF4B-00C04F79EFBC}") = "06_2d_graphics_01", "tasks_source_code\06_2d_graphics_01\06_2d_graphics_01.csproj", "{37A7075F-78CA-4CAE-8137-46B4146F7D0F}"
EndProject
Project("{FAE04EC0-301F-11D3-BF4B-00C04F79EFBC}") = "01_Form_00", "tasks_source_code\01_Form_00\01_Form_00.csproj", "{8A35F3B4-E52B-4FBB-8D75-49C78F884573}"
EndProject
Project("{FAE04EC0-301F-11D3-BF4B-00C04F79EFBC}") = "01_Form_08", "tasks_source_code\01_Form_08\01_Form_08.csproj", "{46203D95-619D-4A86-BB6D-5691516D4DF4}"
EndProject
Project("{FAE04EC0-301F-11D3-BF4B-00C04F79EFBC}") = "01_Form_09", "tasks_source_code\01_Form_09\01_Form_09.csproj", "{DA664106-9B36-4144-A492-CCBF555A1BF1}"
EndProject
Project("{FAE04EC0-301F-11D3-BF4B-00C04F79EFBC}") = "01_Form_10", "tasks_source_code\01_Form_10\01_Form_10.csproj", "{570B8EC4-3B65-4F6A-A805-03168DC32812}"
EndProject
Project("{FAE04EC0-301F-11D3-BF4B-00C04F79EFBC}") = "01_Form_11", "tasks_source_code\01_Form_11\01_Form_11.csproj", "{E648EF0D-D026-4D8E-B95A-58456D285D6D}"
EndProject
Project("{FAE04EC0-301F-11D3-BF4B-00C04F79EFBC}") = "01_Form_12", "tasks_source_code\01_Form_12\01_Form_12.csproj", "{31295CA3-F02B-4520-8F4D-B6A68D1E0894}"
EndProject
Project("{FAE04EC0-301F-11D3-BF4B-00C04F79EFBC}") = "01_Form_13", "tasks_source_code\01_Form_13\01_Form_13.csproj", "{48C8C074-9057-48FE-8511-70D74E7099DB}"
EndProject
Project("{2150E333-8FDC-42A3-9474-1A3956D46DE8}") = "_img", "_img", "{55A8EC5C-BF88-4B6A-8FFA-813CD91E324B}"
	ProjectSection(SolutionItems) = preProject
		dev_root\_img\c-sharp-logo1.png = dev_root\_img\c-sharp-logo1.png
		dev_root\_img\c-sharp-logo2.png = dev_root\_img\c-sharp-logo2.png
		dev_root\_img\c-sharp-logo3.png = dev_root\_img\c-sharp-logo3.png
		dev_root\_img\c-sharp-logo4.png = dev_root\_img\c-sharp-logo4.png
		dev_root\db_connect.php = dev_root\db_connect.php
		dev_root\index.html = dev_root\index.html
		dev_root\_img\info.png = dev_root\_img\info.png
		dev_root\_img\task-completed.png = dev_root\_img\task-completed.png
	EndProjectSection
EndProject
Project("{2150E333-8FDC-42A3-9474-1A3956D46DE8}") = "01 Form", "01 Form", "{3EBB5F55-7275-414D-9ECC-0F949845D27E}"
EndProject
Project("{2150E333-8FDC-42A3-9474-1A3956D46DE8}") = "03 Button", "03 Button", "{79472789-F42E-4C51-9FDC-F1862AF3C8EE}"
EndProject
Project("{2150E333-8FDC-42A3-9474-1A3956D46DE8}") = "06_Graphics", "06_Graphics", "{42D34025-E5B6-4BAD-8069-3ADC8CD05899}"
EndProject
Project("{FAE04EC0-301F-11D3-BF4B-00C04F79EFBC}") = "06_2D_Black_White", "tasks_source_code\06_2D_Black_White\06_2D_Black_White.csproj", "{E4A7EFFD-FA83-47E8-820C-8FF8C7FE6BFD}"
EndProject
Project("{2150E333-8FDC-42A3-9474-1A3956D46DE8}") = "07_Math", "07_Math", "{F91CBD11-B2C7-43F3-B82C-5D977F046970}"
EndProject
Project("{FAE04EC0-301F-11D3-BF4B-00C04F79EFBC}") = "07_Circle", "tasks_source_code\07_Circle\07_Circle.csproj", "{E4ABD4D9-E56D-400F-8691-C58EE8DFAA8F}"
EndProject
Project("{FAE04EC0-301F-11D3-BF4B-00C04F79EFBC}") = "06_Lines", "tasks_source_code\06_Lines\06_Lines.csproj", "{16C98FAC-AEA8-47CF-AEEE-2818A3DB4CD9}"
EndProject
Project("{FAE04EC0-301F-11D3-BF4B-00C04F79EFBC}") = "07_App_Control", "tasks_source_code\07_App_Control\07_App_Control.csproj", "{693F53B2-C2E7-4CB8-822E-501C6C21F249}"
EndProject
Project("{FAE04EC0-301F-11D3-BF4B-00C04F79EFBC}") = "07_Square", "tasks_source_code\07_Square\07_Square.csproj", "{EC7E014E-BDE9-4A71-904B-2F0FF4373420}"
EndProject
Project("{FAE04EC0-301F-11D3-BF4B-00C04F79EFBC}") = "07_Doubling", "tasks_source_code\07_Doubling\07_Doubling.csproj", "{22CA4D4B-708F-43B6-BBE0-269C890BAC51}"
EndProject
Project("{FAE04EC0-301F-11D3-BF4B-00C04F79EFBC}") = "08_Energy", "tasks_source_code\08_Energy\08_Energy.csproj", "{423F5C09-2E8C-4C62-A417-D304D6636416}"
EndProject
Project("{2150E333-8FDC-42A3-9474-1A3956D46DE8}") = "08_Physics", "08_Physics", "{0CE772F0-49A6-4F59-9B68-48521B2C5810}"
EndProject
Project("{2150E333-8FDC-42A3-9474-1A3956D46DE8}") = "02 Event", "02 Event", "{7F3B4C5D-FECE-4388-A9D5-05A830E7FF12}"
EndProject
Project("{2150E333-8FDC-42A3-9474-1A3956D46DE8}") = "04 Label", "04 Label", "{ACDD0C60-5DE2-46F5-A30A-634F8D17D2CE}"
EndProject
Project("{FAE04EC0-301F-11D3-BF4B-00C04F79EFBC}") = "03_Button_00", "tasks_source_code\03_Button_00\03_Button_00.csproj", "{296C1774-BEB4-481F-B4C7-568914B8E9B0}"
EndProject
Project("{FAE04EC0-301F-11D3-BF4B-00C04F79EFBC}") = "03_Button_01", "tasks_source_code\03_Button_01\03_Button_01.csproj", "{14739C9B-761C-4ADD-85F5-1F19E2C4E063}"
EndProject
Project("{FAE04EC0-301F-11D3-BF4B-00C04F79EFBC}") = "03_Button_02", "tasks_source_code\03_Button_02\03_Button_02.csproj", "{AD0E8C10-02ED-4F4A-9654-2E2DE2B6E13D}"
EndProject
Project("{FAE04EC0-301F-11D3-BF4B-00C04F79EFBC}") = "03_Button_03", "tasks_source_code\03_Button_03\03_Button_03.csproj", "{54404CC1-70D3-47E4-81B5-581F0586E1B1}"
EndProject
Project("{FAE04EC0-301F-11D3-BF4B-00C04F79EFBC}") = "03_Button_04", "tasks_source_code\03_Button_04\03_Button_04.csproj", "{5EC581DE-4351-4D74-95BB-A478148D6E94}"
EndProject
Project("{FAE04EC0-301F-11D3-BF4B-00C04F79EFBC}") = "08_Speed", "tasks_source_code\08_Speed\08_Speed.csproj", "{8223CEEC-AB8B-42DA-BBF3-85971030E133}"
EndProject
Project("{FAE04EC0-301F-11D3-BF4B-00C04F79EFBC}") = "07_Rectangular_Triangle", "tasks_source_code\07_Rectangular_Triangle\07_Rectangular_Triangle.csproj", "{7F9C3332-E6A0-456E-A28D-9A8F0620004E}"
EndProject
Project("{FAE04EC0-301F-11D3-BF4B-00C04F79EFBC}") = "02_Form_Load_01", "tasks_source_code\02_Form_Load_01\02_Form_Load_01.csproj", "{3001494C-0531-4C9F-B4F1-B41DFD7D3134}"
EndProject
Global
	GlobalSection(SolutionConfigurationPlatforms) = preSolution
		Debug|Any CPU = Debug|Any CPU
		Debug|x86 = Debug|x86
		Release|Any CPU = Release|Any CPU
		Release|x86 = Release|x86
	EndGlobalSection
	GlobalSection(ProjectConfigurationPlatforms) = postSolution
		{89E53C47-5189-4FAE-AE59-C48C31477783}.Debug|Any CPU.ActiveCfg = Debug|Any CPU
		{89E53C47-5189-4FAE-AE59-C48C31477783}.Debug|Any CPU.Build.0 = Debug|Any CPU
		{89E53C47-5189-4FAE-AE59-C48C31477783}.Debug|x86.ActiveCfg = Debug|Any CPU
		{89E53C47-5189-4FAE-AE59-C48C31477783}.Debug|x86.Build.0 = Debug|Any CPU
		{89E53C47-5189-4FAE-AE59-C48C31477783}.Release|Any CPU.ActiveCfg = Release|Any CPU
		{89E53C47-5189-4FAE-AE59-C48C31477783}.Release|Any CPU.Build.0 = Release|Any CPU
		{89E53C47-5189-4FAE-AE59-C48C31477783}.Release|x86.ActiveCfg = Release|Any CPU
		{89E53C47-5189-4FAE-AE59-C48C31477783}.Release|x86.Build.0 = Release|Any CPU
		{65A901DD-158C-4E54-A929-17F0C714D1CB}.Debug|Any CPU.ActiveCfg = Debug|Any CPU
		{65A901DD-158C-4E54-A929-17F0C714D1CB}.Debug|Any CPU.Build.0 = Debug|Any CPU
		{65A901DD-158C-4E54-A929-17F0C714D1CB}.Debug|x86.ActiveCfg = Debug|Any CPU
		{65A901DD-158C-4E54-A929-17F0C714D1CB}.Debug|x86.Build.0 = Debug|Any CPU
		{65A901DD-158C-4E54-A929-17F0C714D1CB}.Release|Any CPU.ActiveCfg = Release|Any CPU
		{65A901DD-158C-4E54-A929-17F0C714D1CB}.Release|Any CPU.Build.0 = Release|Any CPU
		{65A901DD-158C-4E54-A929-17F0C714D1CB}.Release|x86.ActiveCfg = Release|Any CPU
		{65A901DD-158C-4E54-A929-17F0C714D1CB}.Release|x86.Build.0 = Release|Any CPU
		{D2D745FA-467C-4F8A-BA34-4E20B126647E}.Debug|Any CPU.ActiveCfg = Debug|Any CPU
		{D2D745FA-467C-4F8A-BA34-4E20B126647E}.Debug|Any CPU.Build.0 = Debug|Any CPU
		{D2D745FA-467C-4F8A-BA34-4E20B126647E}.Debug|x86.ActiveCfg = Debug|Any CPU
		{D2D745FA-467C-4F8A-BA34-4E20B126647E}.Debug|x86.Build.0 = Debug|Any CPU
		{D2D745FA-467C-4F8A-BA34-4E20B126647E}.Release|Any CPU.ActiveCfg = Release|Any CPU
		{D2D745FA-467C-4F8A-BA34-4E20B126647E}.Release|Any CPU.Build.0 = Release|Any CPU
		{D2D745FA-467C-4F8A-BA34-4E20B126647E}.Release|x86.ActiveCfg = Release|Any CPU
		{D2D745FA-467C-4F8A-BA34-4E20B126647E}.Release|x86.Build.0 = Release|Any CPU
		{6B815622-E677-4F85-A3F9-A595EA79487A}.Debug|Any CPU.ActiveCfg = Debug|Any CPU
		{6B815622-E677-4F85-A3F9-A595EA79487A}.Debug|Any CPU.Build.0 = Debug|Any CPU
		{6B815622-E677-4F85-A3F9-A595EA79487A}.Debug|x86.ActiveCfg = Debug|Any CPU
		{6B815622-E677-4F85-A3F9-A595EA79487A}.Debug|x86.Build.0 = Debug|Any CPU
		{6B815622-E677-4F85-A3F9-A595EA79487A}.Release|Any CPU.ActiveCfg = Release|Any CPU
		{6B815622-E677-4F85-A3F9-A595EA79487A}.Release|Any CPU.Build.0 = Release|Any CPU
		{6B815622-E677-4F85-A3F9-A595EA79487A}.Release|x86.ActiveCfg = Release|Any CPU
		{6B815622-E677-4F85-A3F9-A595EA79487A}.Release|x86.Build.0 = Release|Any CPU
		{1366742E-5CE9-4CD7-9A1A-9A27F8C3C4EB}.Debug|Any CPU.ActiveCfg = Debug|Any CPU
		{1366742E-5CE9-4CD7-9A1A-9A27F8C3C4EB}.Debug|Any CPU.Build.0 = Debug|Any CPU
		{1366742E-5CE9-4CD7-9A1A-9A27F8C3C4EB}.Debug|x86.ActiveCfg = Debug|Any CPU
		{1366742E-5CE9-4CD7-9A1A-9A27F8C3C4EB}.Debug|x86.Build.0 = Debug|Any CPU
		{1366742E-5CE9-4CD7-9A1A-9A27F8C3C4EB}.Release|Any CPU.ActiveCfg = Release|Any CPU
		{1366742E-5CE9-4CD7-9A1A-9A27F8C3C4EB}.Release|Any CPU.Build.0 = Release|Any CPU
		{1366742E-5CE9-4CD7-9A1A-9A27F8C3C4EB}.Release|x86.ActiveCfg = Release|Any CPU
		{1366742E-5CE9-4CD7-9A1A-9A27F8C3C4EB}.Release|x86.Build.0 = Release|Any CPU
		{32FCCC38-7C10-489C-B481-DE2DD61EF38F}.Debug|Any CPU.ActiveCfg = Debug|Any CPU
		{32FCCC38-7C10-489C-B481-DE2DD61EF38F}.Debug|Any CPU.Build.0 = Debug|Any CPU
		{32FCCC38-7C10-489C-B481-DE2DD61EF38F}.Debug|x86.ActiveCfg = Debug|Any CPU
		{32FCCC38-7C10-489C-B481-DE2DD61EF38F}.Debug|x86.Build.0 = Debug|Any CPU
		{32FCCC38-7C10-489C-B481-DE2DD61EF38F}.Release|Any CPU.ActiveCfg = Release|Any CPU
		{32FCCC38-7C10-489C-B481-DE2DD61EF38F}.Release|Any CPU.Build.0 = Release|Any CPU
		{32FCCC38-7C10-489C-B481-DE2DD61EF38F}.Release|x86.ActiveCfg = Release|Any CPU
		{32FCCC38-7C10-489C-B481-DE2DD61EF38F}.Release|x86.Build.0 = Release|Any CPU
		{EFB2ECEE-17AD-4AE7-85E2-908401DC8606}.Debug|Any CPU.ActiveCfg = Debug|Any CPU
		{EFB2ECEE-17AD-4AE7-85E2-908401DC8606}.Debug|Any CPU.Build.0 = Debug|Any CPU
		{EFB2ECEE-17AD-4AE7-85E2-908401DC8606}.Debug|x86.ActiveCfg = Debug|Any CPU
		{EFB2ECEE-17AD-4AE7-85E2-908401DC8606}.Debug|x86.Build.0 = Debug|Any CPU
		{EFB2ECEE-17AD-4AE7-85E2-908401DC8606}.Release|Any CPU.ActiveCfg = Release|Any CPU
		{EFB2ECEE-17AD-4AE7-85E2-908401DC8606}.Release|Any CPU.Build.0 = Release|Any CPU
		{EFB2ECEE-17AD-4AE7-85E2-908401DC8606}.Release|x86.ActiveCfg = Release|Any CPU
		{EFB2ECEE-17AD-4AE7-85E2-908401DC8606}.Release|x86.Build.0 = Release|Any CPU
		{79618A7A-F01E-4B83-96E3-187165E70DD3}.Debug|Any CPU.ActiveCfg = Debug|Any CPU
		{79618A7A-F01E-4B83-96E3-187165E70DD3}.Debug|Any CPU.Build.0 = Debug|Any CPU
		{79618A7A-F01E-4B83-96E3-187165E70DD3}.Debug|x86.ActiveCfg = Debug|Any CPU
		{79618A7A-F01E-4B83-96E3-187165E70DD3}.Debug|x86.Build.0 = Debug|Any CPU
		{79618A7A-F01E-4B83-96E3-187165E70DD3}.Release|Any CPU.ActiveCfg = Release|Any CPU
		{79618A7A-F01E-4B83-96E3-187165E70DD3}.Release|Any CPU.Build.0 = Release|Any CPU
		{79618A7A-F01E-4B83-96E3-187165E70DD3}.Release|x86.ActiveCfg = Release|Any CPU
		{79618A7A-F01E-4B83-96E3-187165E70DD3}.Release|x86.Build.0 = Release|Any CPU
		{D897C39E-1C99-4CF3-BFCE-0DD77A344B16}.Debug|Any CPU.ActiveCfg = Debug|Any CPU
		{D897C39E-1C99-4CF3-BFCE-0DD77A344B16}.Debug|Any CPU.Build.0 = Debug|Any CPU
		{D897C39E-1C99-4CF3-BFCE-0DD77A344B16}.Debug|x86.ActiveCfg = Debug|Any CPU
		{D897C39E-1C99-4CF3-BFCE-0DD77A344B16}.Debug|x86.Build.0 = Debug|Any CPU
		{D897C39E-1C99-4CF3-BFCE-0DD77A344B16}.Release|Any CPU.ActiveCfg = Release|Any CPU
		{D897C39E-1C99-4CF3-BFCE-0DD77A344B16}.Release|Any CPU.Build.0 = Release|Any CPU
		{D897C39E-1C99-4CF3-BFCE-0DD77A344B16}.Release|x86.ActiveCfg = Release|Any CPU
		{D897C39E-1C99-4CF3-BFCE-0DD77A344B16}.Release|x86.Build.0 = Release|Any CPU
		{4D368EF4-2676-4367-BFAE-53F1C4701F5E}.Debug|Any CPU.ActiveCfg = Debug|Any CPU
		{4D368EF4-2676-4367-BFAE-53F1C4701F5E}.Debug|Any CPU.Build.0 = Debug|Any CPU
		{4D368EF4-2676-4367-BFAE-53F1C4701F5E}.Debug|x86.ActiveCfg = Debug|Any CPU
		{4D368EF4-2676-4367-BFAE-53F1C4701F5E}.Debug|x86.Build.0 = Debug|Any CPU
		{4D368EF4-2676-4367-BFAE-53F1C4701F5E}.Release|Any CPU.ActiveCfg = Release|Any CPU
		{4D368EF4-2676-4367-BFAE-53F1C4701F5E}.Release|Any CPU.Build.0 = Release|Any CPU
		{4D368EF4-2676-4367-BFAE-53F1C4701F5E}.Release|x86.ActiveCfg = Release|Any CPU
		{4D368EF4-2676-4367-BFAE-53F1C4701F5E}.Release|x86.Build.0 = Release|Any CPU
		{37A7075F-78CA-4CAE-8137-46B4146F7D0F}.Debug|Any CPU.ActiveCfg = Debug|Any CPU
		{37A7075F-78CA-4CAE-8137-46B4146F7D0F}.Debug|Any CPU.Build.0 = Debug|Any CPU
		{37A7075F-78CA-4CAE-8137-46B4146F7D0F}.Debug|x86.ActiveCfg = Debug|Any CPU
		{37A7075F-78CA-4CAE-8137-46B4146F7D0F}.Debug|x86.Build.0 = Debug|Any CPU
		{37A7075F-78CA-4CAE-8137-46B4146F7D0F}.Release|Any CPU.ActiveCfg = Release|Any CPU
		{37A7075F-78CA-4CAE-8137-46B4146F7D0F}.Release|Any CPU.Build.0 = Release|Any CPU
		{37A7075F-78CA-4CAE-8137-46B4146F7D0F}.Release|x86.ActiveCfg = Release|Any CPU
		{37A7075F-78CA-4CAE-8137-46B4146F7D0F}.Release|x86.Build.0 = Release|Any CPU
		{8A35F3B4-E52B-4FBB-8D75-49C78F884573}.Debug|Any CPU.ActiveCfg = Debug|Any CPU
		{8A35F3B4-E52B-4FBB-8D75-49C78F884573}.Debug|Any CPU.Build.0 = Debug|Any CPU
		{8A35F3B4-E52B-4FBB-8D75-49C78F884573}.Debug|x86.ActiveCfg = Debug|Any CPU
		{8A35F3B4-E52B-4FBB-8D75-49C78F884573}.Debug|x86.Build.0 = Debug|Any CPU
		{8A35F3B4-E52B-4FBB-8D75-49C78F884573}.Release|Any CPU.ActiveCfg = Release|Any CPU
		{8A35F3B4-E52B-4FBB-8D75-49C78F884573}.Release|Any CPU.Build.0 = Release|Any CPU
		{8A35F3B4-E52B-4FBB-8D75-49C78F884573}.Release|x86.ActiveCfg = Release|Any CPU
		{8A35F3B4-E52B-4FBB-8D75-49C78F884573}.Release|x86.Build.0 = Release|Any CPU
		{46203D95-619D-4A86-BB6D-5691516D4DF4}.Debug|Any CPU.ActiveCfg = Debug|Any CPU
		{46203D95-619D-4A86-BB6D-5691516D4DF4}.Debug|Any CPU.Build.0 = Debug|Any CPU
		{46203D95-619D-4A86-BB6D-5691516D4DF4}.Debug|x86.ActiveCfg = Debug|Any CPU
		{46203D95-619D-4A86-BB6D-5691516D4DF4}.Debug|x86.Build.0 = Debug|Any CPU
		{46203D95-619D-4A86-BB6D-5691516D4DF4}.Release|Any CPU.ActiveCfg = Release|Any CPU
		{46203D95-619D-4A86-BB6D-5691516D4DF4}.Release|Any CPU.Build.0 = Release|Any CPU
		{46203D95-619D-4A86-BB6D-5691516D4DF4}.Release|x86.ActiveCfg = Release|Any CPU
		{46203D95-619D-4A86-BB6D-5691516D4DF4}.Release|x86.Build.0 = Release|Any CPU
		{DA664106-9B36-4144-A492-CCBF555A1BF1}.Debug|Any CPU.ActiveCfg = Debug|Any CPU
		{DA664106-9B36-4144-A492-CCBF555A1BF1}.Debug|Any CPU.Build.0 = Debug|Any CPU
		{DA664106-9B36-4144-A492-CCBF555A1BF1}.Debug|x86.ActiveCfg = Debug|Any CPU
		{DA664106-9B36-4144-A492-CCBF555A1BF1}.Debug|x86.Build.0 = Debug|Any CPU
		{DA664106-9B36-4144-A492-CCBF555A1BF1}.Release|Any CPU.ActiveCfg = Release|Any CPU
		{DA664106-9B36-4144-A492-CCBF555A1BF1}.Release|Any CPU.Build.0 = Release|Any CPU
		{DA664106-9B36-4144-A492-CCBF555A1BF1}.Release|x86.ActiveCfg = Release|Any CPU
		{DA664106-9B36-4144-A492-CCBF555A1BF1}.Release|x86.Build.0 = Release|Any CPU
		{570B8EC4-3B65-4F6A-A805-03168DC32812}.Debug|Any CPU.ActiveCfg = Debug|Any CPU
		{570B8EC4-3B65-4F6A-A805-03168DC32812}.Debug|Any CPU.Build.0 = Debug|Any CPU
		{570B8EC4-3B65-4F6A-A805-03168DC32812}.Debug|x86.ActiveCfg = Debug|Any CPU
		{570B8EC4-3B65-4F6A-A805-03168DC32812}.Debug|x86.Build.0 = Debug|Any CPU
		{570B8EC4-3B65-4F6A-A805-03168DC32812}.Release|Any CPU.ActiveCfg = Release|Any CPU
		{570B8EC4-3B65-4F6A-A805-03168DC32812}.Release|Any CPU.Build.0 = Release|Any CPU
		{570B8EC4-3B65-4F6A-A805-03168DC32812}.Release|x86.ActiveCfg = Release|Any CPU
		{570B8EC4-3B65-4F6A-A805-03168DC32812}.Release|x86.Build.0 = Release|Any CPU
		{E648EF0D-D026-4D8E-B95A-58456D285D6D}.Debug|Any CPU.ActiveCfg = Debug|Any CPU
		{E648EF0D-D026-4D8E-B95A-58456D285D6D}.Debug|Any CPU.Build.0 = Debug|Any CPU
		{E648EF0D-D026-4D8E-B95A-58456D285D6D}.Debug|x86.ActiveCfg = Debug|Any CPU
		{E648EF0D-D026-4D8E-B95A-58456D285D6D}.Debug|x86.Build.0 = Debug|Any CPU
		{E648EF0D-D026-4D8E-B95A-58456D285D6D}.Release|Any CPU.ActiveCfg = Release|Any CPU
		{E648EF0D-D026-4D8E-B95A-58456D285D6D}.Release|Any CPU.Build.0 = Release|Any CPU
		{E648EF0D-D026-4D8E-B95A-58456D285D6D}.Release|x86.ActiveCfg = Release|Any CPU
		{E648EF0D-D026-4D8E-B95A-58456D285D6D}.Release|x86.Build.0 = Release|Any CPU
		{31295CA3-F02B-4520-8F4D-B6A68D1E0894}.Debug|Any CPU.ActiveCfg = Debug|Any CPU
		{31295CA3-F02B-4520-8F4D-B6A68D1E0894}.Debug|Any CPU.Build.0 = Debug|Any CPU
		{31295CA3-F02B-4520-8F4D-B6A68D1E0894}.Debug|x86.ActiveCfg = Debug|Any CPU
		{31295CA3-F02B-4520-8F4D-B6A68D1E0894}.Debug|x86.Build.0 = Debug|Any CPU
		{31295CA3-F02B-4520-8F4D-B6A68D1E0894}.Release|Any CPU.ActiveCfg = Release|Any CPU
		{31295CA3-F02B-4520-8F4D-B6A68D1E0894}.Release|Any CPU.Build.0 = Release|Any CPU
		{31295CA3-F02B-4520-8F4D-B6A68D1E0894}.Release|x86.ActiveCfg = Release|Any CPU
		{31295CA3-F02B-4520-8F4D-B6A68D1E0894}.Release|x86.Build.0 = Release|Any CPU
		{48C8C074-9057-48FE-8511-70D74E7099DB}.Debug|Any CPU.ActiveCfg = Debug|Any CPU
		{48C8C074-9057-48FE-8511-70D74E7099DB}.Debug|Any CPU.Build.0 = Debug|Any CPU
		{48C8C074-9057-48FE-8511-70D74E7099DB}.Debug|x86.ActiveCfg = Debug|Any CPU
		{48C8C074-9057-48FE-8511-70D74E7099DB}.Debug|x86.Build.0 = Debug|Any CPU
		{48C8C074-9057-48FE-8511-70D74E7099DB}.Release|Any CPU.ActiveCfg = Release|Any CPU
		{48C8C074-9057-48FE-8511-70D74E7099DB}.Release|Any CPU.Build.0 = Release|Any CPU
		{48C8C074-9057-48FE-8511-70D74E7099DB}.Release|x86.ActiveCfg = Release|Any CPU
		{48C8C074-9057-48FE-8511-70D74E7099DB}.Release|x86.Build.0 = Release|Any CPU
		{E4A7EFFD-FA83-47E8-820C-8FF8C7FE6BFD}.Debug|Any CPU.ActiveCfg = Debug|Any CPU
		{E4A7EFFD-FA83-47E8-820C-8FF8C7FE6BFD}.Debug|Any CPU.Build.0 = Debug|Any CPU
		{E4A7EFFD-FA83-47E8-820C-8FF8C7FE6BFD}.Debug|x86.ActiveCfg = Debug|Any CPU
		{E4A7EFFD-FA83-47E8-820C-8FF8C7FE6BFD}.Debug|x86.Build.0 = Debug|Any CPU
		{E4A7EFFD-FA83-47E8-820C-8FF8C7FE6BFD}.Release|Any CPU.ActiveCfg = Release|Any CPU
		{E4A7EFFD-FA83-47E8-820C-8FF8C7FE6BFD}.Release|Any CPU.Build.0 = Release|Any CPU
		{E4A7EFFD-FA83-47E8-820C-8FF8C7FE6BFD}.Release|x86.ActiveCfg = Release|Any CPU
		{E4A7EFFD-FA83-47E8-820C-8FF8C7FE6BFD}.Release|x86.Build.0 = Release|Any CPU
		{E4ABD4D9-E56D-400F-8691-C58EE8DFAA8F}.Debug|Any CPU.ActiveCfg = Debug|Any CPU
		{E4ABD4D9-E56D-400F-8691-C58EE8DFAA8F}.Debug|Any CPU.Build.0 = Debug|Any CPU
		{E4ABD4D9-E56D-400F-8691-C58EE8DFAA8F}.Debug|x86.ActiveCfg = Debug|Any CPU
		{E4ABD4D9-E56D-400F-8691-C58EE8DFAA8F}.Debug|x86.Build.0 = Debug|Any CPU
		{E4ABD4D9-E56D-400F-8691-C58EE8DFAA8F}.Release|Any CPU.ActiveCfg = Release|Any CPU
		{E4ABD4D9-E56D-400F-8691-C58EE8DFAA8F}.Release|Any CPU.Build.0 = Release|Any CPU
		{E4ABD4D9-E56D-400F-8691-C58EE8DFAA8F}.Release|x86.ActiveCfg = Release|Any CPU
		{E4ABD4D9-E56D-400F-8691-C58EE8DFAA8F}.Release|x86.Build.0 = Release|Any CPU
		{16C98FAC-AEA8-47CF-AEEE-2818A3DB4CD9}.Debug|Any CPU.ActiveCfg = Debug|Any CPU
		{16C98FAC-AEA8-47CF-AEEE-2818A3DB4CD9}.Debug|Any CPU.Build.0 = Debug|Any CPU
		{16C98FAC-AEA8-47CF-AEEE-2818A3DB4CD9}.Debug|x86.ActiveCfg = Debug|Any CPU
		{16C98FAC-AEA8-47CF-AEEE-2818A3DB4CD9}.Debug|x86.Build.0 = Debug|Any CPU
		{16C98FAC-AEA8-47CF-AEEE-2818A3DB4CD9}.Release|Any CPU.ActiveCfg = Release|Any CPU
		{16C98FAC-AEA8-47CF-AEEE-2818A3DB4CD9}.Release|Any CPU.Build.0 = Release|Any CPU
		{16C98FAC-AEA8-47CF-AEEE-2818A3DB4CD9}.Release|x86.ActiveCfg = Release|Any CPU
		{16C98FAC-AEA8-47CF-AEEE-2818A3DB4CD9}.Release|x86.Build.0 = Release|Any CPU
		{693F53B2-C2E7-4CB8-822E-501C6C21F249}.Debug|Any CPU.ActiveCfg = Debug|Any CPU
		{693F53B2-C2E7-4CB8-822E-501C6C21F249}.Debug|Any CPU.Build.0 = Debug|Any CPU
		{693F53B2-C2E7-4CB8-822E-501C6C21F249}.Debug|x86.ActiveCfg = Debug|Any CPU
		{693F53B2-C2E7-4CB8-822E-501C6C21F249}.Debug|x86.Build.0 = Debug|Any CPU
		{693F53B2-C2E7-4CB8-822E-501C6C21F249}.Release|Any CPU.ActiveCfg = Release|Any CPU
		{693F53B2-C2E7-4CB8-822E-501C6C21F249}.Release|Any CPU.Build.0 = Release|Any CPU
		{693F53B2-C2E7-4CB8-822E-501C6C21F249}.Release|x86.ActiveCfg = Release|Any CPU
		{693F53B2-C2E7-4CB8-822E-501C6C21F249}.Release|x86.Build.0 = Release|Any CPU
		{EC7E014E-BDE9-4A71-904B-2F0FF4373420}.Debug|Any CPU.ActiveCfg = Debug|Any CPU
		{EC7E014E-BDE9-4A71-904B-2F0FF4373420}.Debug|Any CPU.Build.0 = Debug|Any CPU
		{EC7E014E-BDE9-4A71-904B-2F0FF4373420}.Debug|x86.ActiveCfg = Debug|Any CPU
		{EC7E014E-BDE9-4A71-904B-2F0FF4373420}.Debug|x86.Build.0 = Debug|Any CPU
		{EC7E014E-BDE9-4A71-904B-2F0FF4373420}.Release|Any CPU.ActiveCfg = Release|Any CPU
		{EC7E014E-BDE9-4A71-904B-2F0FF4373420}.Release|Any CPU.Build.0 = Release|Any CPU
		{EC7E014E-BDE9-4A71-904B-2F0FF4373420}.Release|x86.ActiveCfg = Release|Any CPU
		{EC7E014E-BDE9-4A71-904B-2F0FF4373420}.Release|x86.Build.0 = Release|Any CPU
		{22CA4D4B-708F-43B6-BBE0-269C890BAC51}.Debug|Any CPU.ActiveCfg = Debug|Any CPU
		{22CA4D4B-708F-43B6-BBE0-269C890BAC51}.Debug|Any CPU.Build.0 = Debug|Any CPU
		{22CA4D4B-708F-43B6-BBE0-269C890BAC51}.Debug|x86.ActiveCfg = Debug|Any CPU
		{22CA4D4B-708F-43B6-BBE0-269C890BAC51}.Debug|x86.Build.0 = Debug|Any CPU
		{22CA4D4B-708F-43B6-BBE0-269C890BAC51}.Release|Any CPU.ActiveCfg = Release|Any CPU
		{22CA4D4B-708F-43B6-BBE0-269C890BAC51}.Release|Any CPU.Build.0 = Release|Any CPU
		{22CA4D4B-708F-43B6-BBE0-269C890BAC51}.Release|x86.ActiveCfg = Release|Any CPU
		{22CA4D4B-708F-43B6-BBE0-269C890BAC51}.Release|x86.Build.0 = Release|Any CPU
		{423F5C09-2E8C-4C62-A417-D304D6636416}.Debug|Any CPU.ActiveCfg = Debug|Any CPU
		{423F5C09-2E8C-4C62-A417-D304D6636416}.Debug|Any CPU.Build.0 = Debug|Any CPU
		{423F5C09-2E8C-4C62-A417-D304D6636416}.Debug|x86.ActiveCfg = Debug|Any CPU
		{423F5C09-2E8C-4C62-A417-D304D6636416}.Debug|x86.Build.0 = Debug|Any CPU
		{423F5C09-2E8C-4C62-A417-D304D6636416}.Release|Any CPU.ActiveCfg = Release|Any CPU
		{423F5C09-2E8C-4C62-A417-D304D6636416}.Release|Any CPU.Build.0 = Release|Any CPU
		{423F5C09-2E8C-4C62-A417-D304D6636416}.Release|x86.ActiveCfg = Release|Any CPU
		{423F5C09-2E8C-4C62-A417-D304D6636416}.Release|x86.Build.0 = Release|Any CPU
		{296C1774-BEB4-481F-B4C7-568914B8E9B0}.Debug|Any CPU.ActiveCfg = Debug|Any CPU
		{296C1774-BEB4-481F-B4C7-568914B8E9B0}.Debug|Any CPU.Build.0 = Debug|Any CPU
		{296C1774-BEB4-481F-B4C7-568914B8E9B0}.Debug|x86.ActiveCfg = Debug|Any CPU
		{296C1774-BEB4-481F-B4C7-568914B8E9B0}.Debug|x86.Build.0 = Debug|Any CPU
		{296C1774-BEB4-481F-B4C7-568914B8E9B0}.Release|Any CPU.ActiveCfg = Release|Any CPU
		{296C1774-BEB4-481F-B4C7-568914B8E9B0}.Release|Any CPU.Build.0 = Release|Any CPU
		{296C1774-BEB4-481F-B4C7-568914B8E9B0}.Release|x86.ActiveCfg = Release|Any CPU
		{296C1774-BEB4-481F-B4C7-568914B8E9B0}.Release|x86.Build.0 = Release|Any CPU
		{14739C9B-761C-4ADD-85F5-1F19E2C4E063}.Debug|Any CPU.ActiveCfg = Debug|Any CPU
		{14739C9B-761C-4ADD-85F5-1F19E2C4E063}.Debug|Any CPU.Build.0 = Debug|Any CPU
		{14739C9B-761C-4ADD-85F5-1F19E2C4E063}.Debug|x86.ActiveCfg = Debug|Any CPU
		{14739C9B-761C-4ADD-85F5-1F19E2C4E063}.Debug|x86.Build.0 = Debug|Any CPU
		{14739C9B-761C-4ADD-85F5-1F19E2C4E063}.Release|Any CPU.ActiveCfg = Release|Any CPU
		{14739C9B-761C-4ADD-85F5-1F19E2C4E063}.Release|Any CPU.Build.0 = Release|Any CPU
		{14739C9B-761C-4ADD-85F5-1F19E2C4E063}.Release|x86.ActiveCfg = Release|Any CPU
		{14739C9B-761C-4ADD-85F5-1F19E2C4E063}.Release|x86.Build.0 = Release|Any CPU
		{AD0E8C10-02ED-4F4A-9654-2E2DE2B6E13D}.Debug|Any CPU.ActiveCfg = Debug|Any CPU
		{AD0E8C10-02ED-4F4A-9654-2E2DE2B6E13D}.Debug|Any CPU.Build.0 = Debug|Any CPU
		{AD0E8C10-02ED-4F4A-9654-2E2DE2B6E13D}.Debug|x86.ActiveCfg = Debug|Any CPU
		{AD0E8C10-02ED-4F4A-9654-2E2DE2B6E13D}.Debug|x86.Build.0 = Debug|Any CPU
		{AD0E8C10-02ED-4F4A-9654-2E2DE2B6E13D}.Release|Any CPU.ActiveCfg = Release|Any CPU
		{AD0E8C10-02ED-4F4A-9654-2E2DE2B6E13D}.Release|Any CPU.Build.0 = Release|Any CPU
		{AD0E8C10-02ED-4F4A-9654-2E2DE2B6E13D}.Release|x86.ActiveCfg = Release|Any CPU
		{AD0E8C10-02ED-4F4A-9654-2E2DE2B6E13D}.Release|x86.Build.0 = Release|Any CPU
		{54404CC1-70D3-47E4-81B5-581F0586E1B1}.Debug|Any CPU.ActiveCfg = Debug|Any CPU
		{54404CC1-70D3-47E4-81B5-581F0586E1B1}.Debug|Any CPU.Build.0 = Debug|Any CPU
		{54404CC1-70D3-47E4-81B5-581F0586E1B1}.Debug|x86.ActiveCfg = Debug|Any CPU
		{54404CC1-70D3-47E4-81B5-581F0586E1B1}.Debug|x86.Build.0 = Debug|Any CPU
		{54404CC1-70D3-47E4-81B5-581F0586E1B1}.Release|Any CPU.ActiveCfg = Release|Any CPU
		{54404CC1-70D3-47E4-81B5-581F0586E1B1}.Release|Any CPU.Build.0 = Release|Any CPU
		{54404CC1-70D3-47E4-81B5-581F0586E1B1}.Release|x86.ActiveCfg = Release|Any CPU
		{54404CC1-70D3-47E4-81B5-581F0586E1B1}.Release|x86.Build.0 = Release|Any CPU
		{5EC581DE-4351-4D74-95BB-A478148D6E94}.Debug|Any CPU.ActiveCfg = Debug|Any CPU
		{5EC581DE-4351-4D74-95BB-A478148D6E94}.Debug|Any CPU.Build.0 = Debug|Any CPU
		{5EC581DE-4351-4D74-95BB-A478148D6E94}.Debug|x86.ActiveCfg = Debug|Any CPU
		{5EC581DE-4351-4D74-95BB-A478148D6E94}.Debug|x86.Build.0 = Debug|Any CPU
		{5EC581DE-4351-4D74-95BB-A478148D6E94}.Release|Any CPU.ActiveCfg = Release|Any CPU
		{5EC581DE-4351-4D74-95BB-A478148D6E94}.Release|Any CPU.Build.0 = Release|Any CPU
		{5EC581DE-4351-4D74-95BB-A478148D6E94}.Release|x86.ActiveCfg = Release|Any CPU
		{5EC581DE-4351-4D74-95BB-A478148D6E94}.Release|x86.Build.0 = Release|Any CPU
		{8223CEEC-AB8B-42DA-BBF3-85971030E133}.Debug|Any CPU.ActiveCfg = Debug|Any CPU
		{8223CEEC-AB8B-42DA-BBF3-85971030E133}.Debug|Any CPU.Build.0 = Debug|Any CPU
		{8223CEEC-AB8B-42DA-BBF3-85971030E133}.Debug|x86.ActiveCfg = Debug|Any CPU
		{8223CEEC-AB8B-42DA-BBF3-85971030E133}.Debug|x86.Build.0 = Debug|Any CPU
		{8223CEEC-AB8B-42DA-BBF3-85971030E133}.Release|Any CPU.ActiveCfg = Release|Any CPU
		{8223CEEC-AB8B-42DA-BBF3-85971030E133}.Release|Any CPU.Build.0 = Release|Any CPU
		{8223CEEC-AB8B-42DA-BBF3-85971030E133}.Release|x86.ActiveCfg = Release|Any CPU
		{8223CEEC-AB8B-42DA-BBF3-85971030E133}.Release|x86.Build.0 = Release|Any CPU
		{7F9C3332-E6A0-456E-A28D-9A8F0620004E}.Debug|Any CPU.ActiveCfg = Debug|Any CPU
		{7F9C3332-E6A0-456E-A28D-9A8F0620004E}.Debug|Any CPU.Build.0 = Debug|Any CPU
		{7F9C3332-E6A0-456E-A28D-9A8F0620004E}.Debug|x86.ActiveCfg = Debug|Any CPU
		{7F9C3332-E6A0-456E-A28D-9A8F0620004E}.Debug|x86.Build.0 = Debug|Any CPU
		{7F9C3332-E6A0-456E-A28D-9A8F0620004E}.Release|Any CPU.ActiveCfg = Release|Any CPU
		{7F9C3332-E6A0-456E-A28D-9A8F0620004E}.Release|Any CPU.Build.0 = Release|Any CPU
		{7F9C3332-E6A0-456E-A28D-9A8F0620004E}.Release|x86.ActiveCfg = Release|Any CPU
		{7F9C3332-E6A0-456E-A28D-9A8F0620004E}.Release|x86.Build.0 = Release|Any CPU
		{3001494C-0531-4C9F-B4F1-B41DFD7D3134}.Debug|Any CPU.ActiveCfg = Debug|Any CPU
		{3001494C-0531-4C9F-B4F1-B41DFD7D3134}.Debug|Any CPU.Build.0 = Debug|Any CPU
		{3001494C-0531-4C9F-B4F1-B41DFD7D3134}.Debug|x86.ActiveCfg = Debug|Any CPU
		{3001494C-0531-4C9F-B4F1-B41DFD7D3134}.Debug|x86.Build.0 = Debug|Any CPU
		{3001494C-0531-4C9F-B4F1-B41DFD7D3134}.Release|Any CPU.ActiveCfg = Release|Any CPU
		{3001494C-0531-4C9F-B4F1-B41DFD7D3134}.Release|Any CPU.Build.0 = Release|Any CPU
		{3001494C-0531-4C9F-B4F1-B41DFD7D3134}.Release|x86.ActiveCfg = Release|Any CPU
		{3001494C-0531-4C9F-B4F1-B41DFD7D3134}.Release|x86.Build.0 = Release|Any CPU
	EndGlobalSection
	GlobalSection(SolutionProperties) = preSolution
		HideSolutionNode = FALSE
	EndGlobalSection
	GlobalSection(NestedProjects) = preSolution
		{65A901DD-158C-4E54-A929-17F0C714D1CB} = {3EBB5F55-7275-414D-9ECC-0F949845D27E}
		{E73411AD-D911-492D-AB7E-018EA0018988} = {6775DFB8-4130-4DF8-8454-D98A21052E13}
		{6B815622-E677-4F85-A3F9-A595EA79487A} = {3EBB5F55-7275-414D-9ECC-0F949845D27E}
		{1366742E-5CE9-4CD7-9A1A-9A27F8C3C4EB} = {3EBB5F55-7275-414D-9ECC-0F949845D27E}
		{32FCCC38-7C10-489C-B481-DE2DD61EF38F} = {3EBB5F55-7275-414D-9ECC-0F949845D27E}
		{EFB2ECEE-17AD-4AE7-85E2-908401DC8606} = {3EBB5F55-7275-414D-9ECC-0F949845D27E}
		{79618A7A-F01E-4B83-96E3-187165E70DD3} = {3EBB5F55-7275-414D-9ECC-0F949845D27E}
		{4D368EF4-2676-4367-BFAE-53F1C4701F5E} = {3EBB5F55-7275-414D-9ECC-0F949845D27E}
		{37A7075F-78CA-4CAE-8137-46B4146F7D0F} = {42D34025-E5B6-4BAD-8069-3ADC8CD05899}
		{8A35F3B4-E52B-4FBB-8D75-49C78F884573} = {3EBB5F55-7275-414D-9ECC-0F949845D27E}
		{46203D95-619D-4A86-BB6D-5691516D4DF4} = {3EBB5F55-7275-414D-9ECC-0F949845D27E}
		{DA664106-9B36-4144-A492-CCBF555A1BF1} = {3EBB5F55-7275-414D-9ECC-0F949845D27E}
		{570B8EC4-3B65-4F6A-A805-03168DC32812} = {3EBB5F55-7275-414D-9ECC-0F949845D27E}
		{E648EF0D-D026-4D8E-B95A-58456D285D6D} = {3EBB5F55-7275-414D-9ECC-0F949845D27E}
		{31295CA3-F02B-4520-8F4D-B6A68D1E0894} = {3EBB5F55-7275-414D-9ECC-0F949845D27E}
		{48C8C074-9057-48FE-8511-70D74E7099DB} = {3EBB5F55-7275-414D-9ECC-0F949845D27E}
		{55A8EC5C-BF88-4B6A-8FFA-813CD91E324B} = {6775DFB8-4130-4DF8-8454-D98A21052E13}
		{3EBB5F55-7275-414D-9ECC-0F949845D27E} = {413FB722-6CC8-4EDC-88CC-DE643CEF879F}
		{79472789-F42E-4C51-9FDC-F1862AF3C8EE} = {413FB722-6CC8-4EDC-88CC-DE643CEF879F}
		{42D34025-E5B6-4BAD-8069-3ADC8CD05899} = {413FB722-6CC8-4EDC-88CC-DE643CEF879F}
		{E4A7EFFD-FA83-47E8-820C-8FF8C7FE6BFD} = {42D34025-E5B6-4BAD-8069-3ADC8CD05899}
		{F91CBD11-B2C7-43F3-B82C-5D977F046970} = {413FB722-6CC8-4EDC-88CC-DE643CEF879F}
		{E4ABD4D9-E56D-400F-8691-C58EE8DFAA8F} = {F91CBD11-B2C7-43F3-B82C-5D977F046970}
		{16C98FAC-AEA8-47CF-AEEE-2818A3DB4CD9} = {42D34025-E5B6-4BAD-8069-3ADC8CD05899}
		{693F53B2-C2E7-4CB8-822E-501C6C21F249} = {F91CBD11-B2C7-43F3-B82C-5D977F046970}
		{EC7E014E-BDE9-4A71-904B-2F0FF4373420} = {F91CBD11-B2C7-43F3-B82C-5D977F046970}
		{22CA4D4B-708F-43B6-BBE0-269C890BAC51} = {F91CBD11-B2C7-43F3-B82C-5D977F046970}
		{423F5C09-2E8C-4C62-A417-D304D6636416} = {0CE772F0-49A6-4F59-9B68-48521B2C5810}
		{0CE772F0-49A6-4F59-9B68-48521B2C5810} = {413FB722-6CC8-4EDC-88CC-DE643CEF879F}
		{7F3B4C5D-FECE-4388-A9D5-05A830E7FF12} = {413FB722-6CC8-4EDC-88CC-DE643CEF879F}
		{ACDD0C60-5DE2-46F5-A30A-634F8D17D2CE} = {413FB722-6CC8-4EDC-88CC-DE643CEF879F}
		{296C1774-BEB4-481F-B4C7-568914B8E9B0} = {79472789-F42E-4C51-9FDC-F1862AF3C8EE}
		{14739C9B-761C-4ADD-85F5-1F19E2C4E063} = {79472789-F42E-4C51-9FDC-F1862AF3C8EE}
		{AD0E8C10-02ED-4F4A-9654-2E2DE2B6E13D} = {79472789-F42E-4C51-9FDC-F1862AF3C8EE}
		{54404CC1-70D3-47E4-81B5-581F0586E1B1} = {79472789-F42E-4C51-9FDC-F1862AF3C8EE}
		{5EC581DE-4351-4D74-95BB-A478148D6E94} = {79472789-F42E-4C51-9FDC-F1862AF3C8EE}
		{8223CEEC-AB8B-42DA-BBF3-85971030E133} = {0CE772F0-49A6-4F59-9B68-48521B2C5810}
		{7F9C3332-E6A0-456E-A28D-9A8F0620004E} = {F91CBD11-B2C7-43F3-B82C-5D977F046970}
		{3001494C-0531-4C9F-B4F1-B41DFD7D3134} = {7F3B4C5D-FECE-4388-A9D5-05A830E7FF12}
	EndGlobalSection
	GlobalSection(ExtensibilityGlobals) = postSolution
		SolutionGuid = {24A63605-5F2D-439D-81C1-5E775F49DF3C}
	EndGlobalSection
EndGlobal
