
Microsoft Visual Studio Solution File, Format Version 12.00
# Visual Studio 14
VisualStudioVersion = 14.0.25420.1
MinimumVisualStudioVersion = 10.0.40219.1
Project("{FAE04EC0-301F-11D3-BF4B-00C04F79EFBC}") = "dev_validator_C", "dev_validator_C\dev_validator_C.csproj", "{89E53C47-5189-4FAE-AE59-C48C31477783}"
EndProject
Project("{2150E333-8FDC-42A3-9474-1A3956D46DE8}") = "Solution Items", "Solution Items", "{672F46FC-BD77-4A44-9021-57B96A7583CA}"
	ProjectSection(SolutionItems) = preProject
		build_web_root.bat = build_web_root.bat
		deploy_task.bat = deploy_task.bat
		deploy_XAMPP_local.bat = deploy_XAMPP_local.bat
		dev_clear.bat = dev_clear.bat
		rebuild_and_deploy_XAMPP_local.bat = rebuild_and_deploy_XAMPP_local.bat
	EndProjectSection
EndProject
Project("{2150E333-8FDC-42A3-9474-1A3956D46DE8}") = "tasks_source_code", "tasks_source_code", "{413FB722-6CC8-4EDC-88CC-DE643CEF879F}"
EndProject
Project("{FAE04EC0-301F-11D3-BF4B-00C04F79EFBC}") = "01_Form_01", "tasks_source_code\01_Form_01\01_Form_01.csproj", "{65A901DD-158C-4E54-A929-17F0C714D1CB}"
EndProject
Project("{2150E333-8FDC-42A3-9474-1A3956D46DE8}") = "dev_root", "dev_root", "{6775DFB8-4130-4DF8-8454-D98A21052E13}"
	ProjectSection(SolutionItems) = preProject
		dev_root\favicon.ico = dev_root\favicon.ico
		dev_root\header.php = dev_root\header.php
		dev_root\index.php = dev_root\index.php
		dev_root\t_task.php = dev_root\t_task.php
		dev_root\task_core.php = dev_root\task_core.php
		dev_root\validator_be.php = dev_root\validator_be.php
		dev_root\validator_fe.php = dev_root\validator_fe.php
	EndProjectSection
EndProject
Project("{2150E333-8FDC-42A3-9474-1A3956D46DE8}") = "_css", "_css", "{E73411AD-D911-492D-AB7E-018EA0018988}"
	ProjectSection(SolutionItems) = preProject
		dev_root\_css\global.css = dev_root\_css\global.css
	EndProjectSection
EndProject
Project("{FAE04EC0-301F-11D3-BF4B-00C04F79EFBC}") = "uts_tests", "uts_tests\uts_tests.csproj", "{D2D745FA-467C-4F8A-BA34-4E20B126647E}"
EndProject
Project("{FAE04EC0-301F-11D3-BF4B-00C04F79EFBC}") = "01_Form_02", "tasks_source_code\01_Form_02\01_Form_02.csproj", "{6B815622-E677-4F85-A3F9-A595EA79487A}"
EndProject
Project("{FAE04EC0-301F-11D3-BF4B-00C04F79EFBC}") = "01_Form_03", "tasks_source_code\01_Form_03\01_Form_03.csproj", "{1366742E-5CE9-4CD7-9A1A-9A27F8C3C4EB}"
EndProject
Project("{FAE04EC0-301F-11D3-BF4B-00C04F79EFBC}") = "01_Form_04", "tasks_source_code\01_Form_04\01_Form_04.csproj", "{32FCCC38-7C10-489C-B481-DE2DD61EF38F}"
EndProject
Project("{FAE04EC0-301F-11D3-BF4B-00C04F79EFBC}") = "01_Form_05", "tasks_source_code\01_Form_05\01_Form_05.csproj", "{EFB2ECEE-17AD-4AE7-85E2-908401DC8606}"
EndProject
Project("{FAE04EC0-301F-11D3-BF4B-00C04F79EFBC}") = "01_Form_06", "tasks_source_code\01_Form_06\01_Form_06.csproj", "{79618A7A-F01E-4B83-96E3-187165E70DD3}"
EndProject
Project("{FAE04EC0-301F-11D3-BF4B-00C04F79EFBC}") = "TaskCreator", "TaskCreator\TaskCreator.csproj", "{D897C39E-1C99-4CF3-BFCE-0DD77A344B16}"
EndProject
Project("{FAE04EC0-301F-11D3-BF4B-00C04F79EFBC}") = "01_Form_07", "tasks_source_code\01_Form_07\01_Form_07.csproj", "{4D368EF4-2676-4367-BFAE-53F1C4701F5E}"
EndProject
Project("{FAE04EC0-301F-11D3-BF4B-00C04F79EFBC}") = "02_Button_01", "tasks_source_code\02_Button_01\02_Button_01.csproj", "{14739C9B-761C-4ADD-85F5-1F19E2C4E063}"
EndProject
Global
	GlobalSection(SolutionConfigurationPlatforms) = preSolution
		Debug|Any CPU = Debug|Any CPU
		Debug|x86 = Debug|x86
		Release|Any CPU = Release|Any CPU
		Release|x86 = Release|x86
	EndGlobalSection
	GlobalSection(ProjectConfigurationPlatforms) = postSolution
		{89E53C47-5189-4FAE-AE59-C48C31477783}.Debug|Any CPU.ActiveCfg = Debug|x86
		{89E53C47-5189-4FAE-AE59-C48C31477783}.Debug|Any CPU.Build.0 = Debug|x86
		{89E53C47-5189-4FAE-AE59-C48C31477783}.Debug|x86.ActiveCfg = Debug|x86
		{89E53C47-5189-4FAE-AE59-C48C31477783}.Debug|x86.Build.0 = Debug|x86
		{89E53C47-5189-4FAE-AE59-C48C31477783}.Release|Any CPU.ActiveCfg = Release|x86
		{89E53C47-5189-4FAE-AE59-C48C31477783}.Release|x86.ActiveCfg = Release|x86
		{89E53C47-5189-4FAE-AE59-C48C31477783}.Release|x86.Build.0 = Release|x86
		{65A901DD-158C-4E54-A929-17F0C714D1CB}.Debug|Any CPU.ActiveCfg = Debug|Any CPU
		{65A901DD-158C-4E54-A929-17F0C714D1CB}.Debug|Any CPU.Build.0 = Debug|Any CPU
		{65A901DD-158C-4E54-A929-17F0C714D1CB}.Debug|x86.ActiveCfg = Debug|Any CPU
		{65A901DD-158C-4E54-A929-17F0C714D1CB}.Debug|x86.Build.0 = Debug|Any CPU
		{65A901DD-158C-4E54-A929-17F0C714D1CB}.Release|Any CPU.ActiveCfg = Release|Any CPU
		{65A901DD-158C-4E54-A929-17F0C714D1CB}.Release|Any CPU.Build.0 = Release|Any CPU
		{65A901DD-158C-4E54-A929-17F0C714D1CB}.Release|x86.ActiveCfg = Release|Any CPU
		{65A901DD-158C-4E54-A929-17F0C714D1CB}.Release|x86.Build.0 = Release|Any CPU
		{D2D745FA-467C-4F8A-BA34-4E20B126647E}.Debug|Any CPU.ActiveCfg = Debug|Any CPU
		{D2D745FA-467C-4F8A-BA34-4E20B126647E}.Debug|Any CPU.Build.0 = Debug|Any CPU
		{D2D745FA-467C-4F8A-BA34-4E20B126647E}.Debug|x86.ActiveCfg = Debug|Any CPU
		{D2D745FA-467C-4F8A-BA34-4E20B126647E}.Debug|x86.Build.0 = Debug|Any CPU
		{D2D745FA-467C-4F8A-BA34-4E20B126647E}.Release|Any CPU.ActiveCfg = Release|Any CPU
		{D2D745FA-467C-4F8A-BA34-4E20B126647E}.Release|Any CPU.Build.0 = Release|Any CPU
		{D2D745FA-467C-4F8A-BA34-4E20B126647E}.Release|x86.ActiveCfg = Release|Any CPU
		{D2D745FA-467C-4F8A-BA34-4E20B126647E}.Release|x86.Build.0 = Release|Any CPU
		{6B815622-E677-4F85-A3F9-A595EA79487A}.Debug|Any CPU.ActiveCfg = Debug|Any CPU
		{6B815622-E677-4F85-A3F9-A595EA79487A}.Debug|Any CPU.Build.0 = Debug|Any CPU
		{6B815622-E677-4F85-A3F9-A595EA79487A}.Debug|x86.ActiveCfg = Debug|Any CPU
		{6B815622-E677-4F85-A3F9-A595EA79487A}.Debug|x86.Build.0 = Debug|Any CPU
		{6B815622-E677-4F85-A3F9-A595EA79487A}.Release|Any CPU.ActiveCfg = Release|Any CPU
		{6B815622-E677-4F85-A3F9-A595EA79487A}.Release|Any CPU.Build.0 = Release|Any CPU
		{6B815622-E677-4F85-A3F9-A595EA79487A}.Release|x86.ActiveCfg = Release|Any CPU
		{6B815622-E677-4F85-A3F9-A595EA79487A}.Release|x86.Build.0 = Release|Any CPU
		{1366742E-5CE9-4CD7-9A1A-9A27F8C3C4EB}.Debug|Any CPU.ActiveCfg = Debug|Any CPU
		{1366742E-5CE9-4CD7-9A1A-9A27F8C3C4EB}.Debug|Any CPU.Build.0 = Debug|Any CPU
		{1366742E-5CE9-4CD7-9A1A-9A27F8C3C4EB}.Debug|x86.ActiveCfg = Debug|Any CPU
		{1366742E-5CE9-4CD7-9A1A-9A27F8C3C4EB}.Debug|x86.Build.0 = Debug|Any CPU
		{1366742E-5CE9-4CD7-9A1A-9A27F8C3C4EB}.Release|Any CPU.ActiveCfg = Release|Any CPU
		{1366742E-5CE9-4CD7-9A1A-9A27F8C3C4EB}.Release|Any CPU.Build.0 = Release|Any CPU
		{1366742E-5CE9-4CD7-9A1A-9A27F8C3C4EB}.Release|x86.ActiveCfg = Release|Any CPU
		{1366742E-5CE9-4CD7-9A1A-9A27F8C3C4EB}.Release|x86.Build.0 = Release|Any CPU
		{32FCCC38-7C10-489C-B481-DE2DD61EF38F}.Debug|Any CPU.ActiveCfg = Debug|Any CPU
		{32FCCC38-7C10-489C-B481-DE2DD61EF38F}.Debug|Any CPU.Build.0 = Debug|Any CPU
		{32FCCC38-7C10-489C-B481-DE2DD61EF38F}.Debug|x86.ActiveCfg = Debug|Any CPU
		{32FCCC38-7C10-489C-B481-DE2DD61EF38F}.Debug|x86.Build.0 = Debug|Any CPU
		{32FCCC38-7C10-489C-B481-DE2DD61EF38F}.Release|Any CPU.ActiveCfg = Release|Any CPU
		{32FCCC38-7C10-489C-B481-DE2DD61EF38F}.Release|Any CPU.Build.0 = Release|Any CPU
		{32FCCC38-7C10-489C-B481-DE2DD61EF38F}.Release|x86.ActiveCfg = Release|Any CPU
		{32FCCC38-7C10-489C-B481-DE2DD61EF38F}.Release|x86.Build.0 = Release|Any CPU
		{EFB2ECEE-17AD-4AE7-85E2-908401DC8606}.Debug|Any CPU.ActiveCfg = Debug|Any CPU
		{EFB2ECEE-17AD-4AE7-85E2-908401DC8606}.Debug|Any CPU.Build.0 = Debug|Any CPU
		{EFB2ECEE-17AD-4AE7-85E2-908401DC8606}.Debug|x86.ActiveCfg = Debug|Any CPU
		{EFB2ECEE-17AD-4AE7-85E2-908401DC8606}.Debug|x86.Build.0 = Debug|Any CPU
		{EFB2ECEE-17AD-4AE7-85E2-908401DC8606}.Release|Any CPU.ActiveCfg = Release|Any CPU
		{EFB2ECEE-17AD-4AE7-85E2-908401DC8606}.Release|Any CPU.Build.0 = Release|Any CPU
		{EFB2ECEE-17AD-4AE7-85E2-908401DC8606}.Release|x86.ActiveCfg = Release|Any CPU
		{EFB2ECEE-17AD-4AE7-85E2-908401DC8606}.Release|x86.Build.0 = Release|Any CPU
		{79618A7A-F01E-4B83-96E3-187165E70DD3}.Debug|Any CPU.ActiveCfg = Debug|Any CPU
		{79618A7A-F01E-4B83-96E3-187165E70DD3}.Debug|Any CPU.Build.0 = Debug|Any CPU
		{79618A7A-F01E-4B83-96E3-187165E70DD3}.Debug|x86.ActiveCfg = Debug|Any CPU
		{79618A7A-F01E-4B83-96E3-187165E70DD3}.Debug|x86.Build.0 = Debug|Any CPU
		{79618A7A-F01E-4B83-96E3-187165E70DD3}.Release|Any CPU.ActiveCfg = Release|Any CPU
		{79618A7A-F01E-4B83-96E3-187165E70DD3}.Release|Any CPU.Build.0 = Release|Any CPU
		{79618A7A-F01E-4B83-96E3-187165E70DD3}.Release|x86.ActiveCfg = Release|Any CPU
		{79618A7A-F01E-4B83-96E3-187165E70DD3}.Release|x86.Build.0 = Release|Any CPU
		{D897C39E-1C99-4CF3-BFCE-0DD77A344B16}.Debug|Any CPU.ActiveCfg = Debug|Any CPU
		{D897C39E-1C99-4CF3-BFCE-0DD77A344B16}.Debug|Any CPU.Build.0 = Debug|Any CPU
		{D897C39E-1C99-4CF3-BFCE-0DD77A344B16}.Debug|x86.ActiveCfg = Debug|Any CPU
		{D897C39E-1C99-4CF3-BFCE-0DD77A344B16}.Debug|x86.Build.0 = Debug|Any CPU
		{D897C39E-1C99-4CF3-BFCE-0DD77A344B16}.Release|Any CPU.ActiveCfg = Release|Any CPU
		{D897C39E-1C99-4CF3-BFCE-0DD77A344B16}.Release|Any CPU.Build.0 = Release|Any CPU
		{D897C39E-1C99-4CF3-BFCE-0DD77A344B16}.Release|x86.ActiveCfg = Release|Any CPU
		{D897C39E-1C99-4CF3-BFCE-0DD77A344B16}.Release|x86.Build.0 = Release|Any CPU
		{4D368EF4-2676-4367-BFAE-53F1C4701F5E}.Debug|Any CPU.ActiveCfg = Debug|Any CPU
		{4D368EF4-2676-4367-BFAE-53F1C4701F5E}.Debug|Any CPU.Build.0 = Debug|Any CPU
		{4D368EF4-2676-4367-BFAE-53F1C4701F5E}.Debug|x86.ActiveCfg = Debug|Any CPU
		{4D368EF4-2676-4367-BFAE-53F1C4701F5E}.Debug|x86.Build.0 = Debug|Any CPU
		{4D368EF4-2676-4367-BFAE-53F1C4701F5E}.Release|Any CPU.ActiveCfg = Release|Any CPU
		{4D368EF4-2676-4367-BFAE-53F1C4701F5E}.Release|Any CPU.Build.0 = Release|Any CPU
		{4D368EF4-2676-4367-BFAE-53F1C4701F5E}.Release|x86.ActiveCfg = Release|Any CPU
		{4D368EF4-2676-4367-BFAE-53F1C4701F5E}.Release|x86.Build.0 = Release|Any CPU
		{14739C9B-761C-4ADD-85F5-1F19E2C4E063}.Debug|Any CPU.ActiveCfg = Debug|Any CPU
		{14739C9B-761C-4ADD-85F5-1F19E2C4E063}.Debug|Any CPU.Build.0 = Debug|Any CPU
		{14739C9B-761C-4ADD-85F5-1F19E2C4E063}.Debug|x86.ActiveCfg = Debug|Any CPU
		{14739C9B-761C-4ADD-85F5-1F19E2C4E063}.Debug|x86.Build.0 = Debug|Any CPU
		{14739C9B-761C-4ADD-85F5-1F19E2C4E063}.Release|Any CPU.ActiveCfg = Release|Any CPU
		{14739C9B-761C-4ADD-85F5-1F19E2C4E063}.Release|Any CPU.Build.0 = Release|Any CPU
		{14739C9B-761C-4ADD-85F5-1F19E2C4E063}.Release|x86.ActiveCfg = Release|Any CPU
		{14739C9B-761C-4ADD-85F5-1F19E2C4E063}.Release|x86.Build.0 = Release|Any CPU
	EndGlobalSection
	GlobalSection(SolutionProperties) = preSolution
		HideSolutionNode = FALSE
	EndGlobalSection
	GlobalSection(NestedProjects) = preSolution
		{65A901DD-158C-4E54-A929-17F0C714D1CB} = {413FB722-6CC8-4EDC-88CC-DE643CEF879F}
		{E73411AD-D911-492D-AB7E-018EA0018988} = {6775DFB8-4130-4DF8-8454-D98A21052E13}
		{6B815622-E677-4F85-A3F9-A595EA79487A} = {413FB722-6CC8-4EDC-88CC-DE643CEF879F}
		{1366742E-5CE9-4CD7-9A1A-9A27F8C3C4EB} = {413FB722-6CC8-4EDC-88CC-DE643CEF879F}
		{32FCCC38-7C10-489C-B481-DE2DD61EF38F} = {413FB722-6CC8-4EDC-88CC-DE643CEF879F}
		{EFB2ECEE-17AD-4AE7-85E2-908401DC8606} = {413FB722-6CC8-4EDC-88CC-DE643CEF879F}
		{79618A7A-F01E-4B83-96E3-187165E70DD3} = {413FB722-6CC8-4EDC-88CC-DE643CEF879F}
		{4D368EF4-2676-4367-BFAE-53F1C4701F5E} = {413FB722-6CC8-4EDC-88CC-DE643CEF879F}
		{14739C9B-761C-4ADD-85F5-1F19E2C4E063} = {413FB722-6CC8-4EDC-88CC-DE643CEF879F}
	EndGlobalSection
	GlobalSection(ExtensibilityGlobals) = postSolution
		SolutionGuid = {24A63605-5F2D-439D-81C1-5E775F49DF3C}
	EndGlobalSection
EndGlobal
