
Microsoft Visual Studio Solution File, Format Version 12.00
# Visual Studio 15
VisualStudioVersion = 15.0.26403.3
MinimumVisualStudioVersion = 10.0.40219.1
Project("{FAE04EC0-301F-11D3-BF4B-00C04F79EFBC}") = "dev_validator_C", "dev_validator_C\dev_validator_C.csproj", "{89E53C47-5189-4FAE-AE59-C48C31477783}"
EndProject
Project("{2150E333-8FDC-42A3-9474-1A3956D46DE8}") = "Solution Items", "Solution Items", "{672F46FC-BD77-4A44-9021-57B96A7583CA}"
	ProjectSection(SolutionItems) = preProject
		build_web_root.bat = build_web_root.bat
		deploy_task.bat = deploy_task.bat
		deploy_XAMPP_local.bat = deploy_XAMPP_local.bat
		dev_clear.bat = dev_clear.bat
		rebuild_and_deploy_XAMPP_local.bat = rebuild_and_deploy_XAMPP_local.bat
		Settings.ico = Settings.ico
	EndProjectSection
EndProject
Project("{2150E333-8FDC-42A3-9474-1A3956D46DE8}") = "tasks_source_code", "tasks_source_code", "{413FB722-6CC8-4EDC-88CC-DE643CEF879F}"
EndProject
Project("{FAE04EC0-301F-11D3-BF4B-00C04F79EFBC}") = "01_Form_01", "tasks_source_code\01_Form_01\01_Form_01.csproj", "{65A901DD-158C-4E54-A929-17F0C714D1CB}"
EndProject
Project("{2150E333-8FDC-42A3-9474-1A3956D46DE8}") = "dev_root", "dev_root", "{6775DFB8-4130-4DF8-8454-D98A21052E13}"
	ProjectSection(SolutionItems) = preProject
		dev_root\1.php = dev_root\1.php
		dev_root\2.php = dev_root\2.php
		dev_root\access_wall.php = dev_root\access_wall.php
		dev_root\db_connect.php = dev_root\db_connect.php
		dev_root\favicon.ico = dev_root\favicon.ico
		dev_root\head_meta_tags.php = dev_root\head_meta_tags.php
		dev_root\header.php = dev_root\header.php
		dev_root\index.html = dev_root\index.html
		dev_root\index.php = dev_root\index.php
		dev_root\index_dev.php = dev_root\index_dev.php
		dev_root\logout.php = dev_root\logout.php
		dev_root\main_config.php = dev_root\main_config.php
		dev_root\nav_menu.php = dev_root\nav_menu.php
		dev_root\progress_chart.php = dev_root\progress_chart.php
		dev_root\t_task.php = dev_root\t_task.php
		dev_root\task_core.php = dev_root\task_core.php
		dev_root\validator_be.php = dev_root\validator_be.php
		dev_root\validator_fe.php = dev_root\validator_fe.php
	EndProjectSection
EndProject
Project("{2150E333-8FDC-42A3-9474-1A3956D46DE8}") = "_css", "_css", "{E73411AD-D911-492D-AB7E-018EA0018988}"
	ProjectSection(SolutionItems) = preProject
		dev_root\_css\global.css = dev_root\_css\global.css
	EndProjectSection
EndProject
Project("{FAE04EC0-301F-11D3-BF4B-00C04F79EFBC}") = "uts_tests", "uts_tests\uts_tests.csproj", "{D2D745FA-467C-4F8A-BA34-4E20B126647E}"
EndProject
Project("{FAE04EC0-301F-11D3-BF4B-00C04F79EFBC}") = "01_Form_02", "tasks_source_code\01_Form_02\01_Form_02.csproj", "{6B815622-E677-4F85-A3F9-A595EA79487A}"
EndProject
Project("{FAE04EC0-301F-11D3-BF4B-00C04F79EFBC}") = "01_Form_03", "tasks_source_code\01_Form_03\01_Form_03.csproj", "{1366742E-5CE9-4CD7-9A1A-9A27F8C3C4EB}"
EndProject
Project("{FAE04EC0-301F-11D3-BF4B-00C04F79EFBC}") = "01_Form_04", "tasks_source_code\01_Form_04\01_Form_04.csproj", "{32FCCC38-7C10-489C-B481-DE2DD61EF38F}"
EndProject
Project("{FAE04EC0-301F-11D3-BF4B-00C04F79EFBC}") = "01_Form_05", "tasks_source_code\01_Form_05\01_Form_05.csproj", "{EFB2ECEE-17AD-4AE7-85E2-908401DC8606}"
EndProject
Project("{FAE04EC0-301F-11D3-BF4B-00C04F79EFBC}") = "01_Form_06", "tasks_source_code\01_Form_06\01_Form_06.csproj", "{79618A7A-F01E-4B83-96E3-187165E70DD3}"
EndProject
Project("{FAE04EC0-301F-11D3-BF4B-00C04F79EFBC}") = "TaskCreator", "TaskCreator\TaskCreator.csproj", "{D897C39E-1C99-4CF3-BFCE-0DD77A344B16}"
EndProject
Project("{FAE04EC0-301F-11D3-BF4B-00C04F79EFBC}") = "01_Form_07", "tasks_source_code\01_Form_07\01_Form_07.csproj", "{4D368EF4-2676-4367-BFAE-53F1C4701F5E}"
EndProject
Project("{FAE04EC0-301F-11D3-BF4B-00C04F79EFBC}") = "02_Button_01", "tasks_source_code\02_Button_01\02_Button_01.csproj", "{14739C9B-761C-4ADD-85F5-1F19E2C4E063}"
EndProject
Project("{FAE04EC0-301F-11D3-BF4B-00C04F79EFBC}") = "02_Button_02", "tasks_source_code\02_Button_02\02_Button_02.csproj", "{AD0E8C10-02ED-4F4A-9654-2E2DE2B6E13D}"
EndProject
Project("{FAE04EC0-301F-11D3-BF4B-00C04F79EFBC}") = "03_Label_01", "tasks_source_code\03_Label_01\03_Label_01.csproj", "{EFEAB4BD-6283-4CA7-A806-CEBF3FAB7AAB}"
EndProject
Project("{FAE04EC0-301F-11D3-BF4B-00C04F79EFBC}") = "03_Label_02", "tasks_source_code\03_Label_02\03_Label_02.csproj", "{175255C4-A2C7-48C6-AFBB-F3A1480032CE}"
EndProject
Project("{FAE04EC0-301F-11D3-BF4B-00C04F79EFBC}") = "06_2d_graphics_01", "tasks_source_code\06_2d_graphics_01\06_2d_graphics_01.csproj", "{37A7075F-78CA-4CAE-8137-46B4146F7D0F}"
EndProject
Project("{FAE04EC0-301F-11D3-BF4B-00C04F79EFBC}") = "01_Form_00", "tasks_source_code\01_Form_00\01_Form_00.csproj", "{8A35F3B4-E52B-4FBB-8D75-49C78F884573}"
EndProject
Project("{FAE04EC0-301F-11D3-BF4B-00C04F79EFBC}") = "01_Form_08", "tasks_source_code\01_Form_08\01_Form_08.csproj", "{46203D95-619D-4A86-BB6D-5691516D4DF4}"
EndProject
Project("{FAE04EC0-301F-11D3-BF4B-00C04F79EFBC}") = "01_Form_09", "tasks_source_code\01_Form_09\01_Form_09.csproj", "{DA664106-9B36-4144-A492-CCBF555A1BF1}"
EndProject
Project("{FAE04EC0-301F-11D3-BF4B-00C04F79EFBC}") = "01_Form_10", "tasks_source_code\01_Form_10\01_Form_10.csproj", "{570B8EC4-3B65-4F6A-A805-03168DC32812}"
EndProject
Project("{FAE04EC0-301F-11D3-BF4B-00C04F79EFBC}") = "01_Form_11", "tasks_source_code\01_Form_11\01_Form_11.csproj", "{E648EF0D-D026-4D8E-B95A-58456D285D6D}"
EndProject
Project("{FAE04EC0-301F-11D3-BF4B-00C04F79EFBC}") = "01_Form_12", "tasks_source_code\01_Form_12\01_Form_12.csproj", "{31295CA3-F02B-4520-8F4D-B6A68D1E0894}"
EndProject
Project("{FAE04EC0-301F-11D3-BF4B-00C04F79EFBC}") = "01_Form_13", "tasks_source_code\01_Form_13\01_Form_13.csproj", "{48C8C074-9057-48FE-8511-70D74E7099DB}"
EndProject
Project("{2150E333-8FDC-42A3-9474-1A3956D46DE8}") = "_img", "_img", "{55A8EC5C-BF88-4B6A-8FFA-813CD91E324B}"
	ProjectSection(SolutionItems) = preProject
		dev_root\_img\c-sharp-logo1.png = dev_root\_img\c-sharp-logo1.png
		dev_root\_img\c-sharp-logo2.png = dev_root\_img\c-sharp-logo2.png
		dev_root\_img\c-sharp-logo3.png = dev_root\_img\c-sharp-logo3.png
		dev_root\_img\c-sharp-logo4.png = dev_root\_img\c-sharp-logo4.png
		dev_root\db_connect.php = dev_root\db_connect.php
		dev_root\index.html = dev_root\index.html
		dev_root\_img\info.png = dev_root\_img\info.png
		dev_root\_img\task-completed.png = dev_root\_img\task-completed.png
	EndProjectSection
EndProject
Project("{FAE04EC0-301F-11D3-BF4B-00C04F79EFBC}") = "02_Button_00", "tasks_source_code\02_Button_00\02_Button_00.csproj", "{296C1774-BEB4-481F-B4C7-568914B8E9B0}"
EndProject
Project("{FAE04EC0-301F-11D3-BF4B-00C04F79EFBC}") = "02_Button_03", "tasks_source_code\02_Button_03\02_Button_03.csproj", "{54404CC1-70D3-47E4-81B5-581F0586E1B1}"
EndProject
Project("{FAE04EC0-301F-11D3-BF4B-00C04F79EFBC}") = "02_Button_04", "tasks_source_code\02_Button_04\02_Button_04.csproj", "{5EC581DE-4351-4D74-95BB-A478148D6E94}"
EndProject
Project("{FAE04EC0-301F-11D3-BF4B-00C04F79EFBC}") = "02_Button_05", "tasks_source_code\02_Button_05\02_Button_05.csproj", "{B9E28BBB-4797-43B4-9589-5FAFCFE16008}"
EndProject
Project("{2150E333-8FDC-42A3-9474-1A3956D46DE8}") = "01", "01", "{3EBB5F55-7275-414D-9ECC-0F949845D27E}"
EndProject
Project("{2150E333-8FDC-42A3-9474-1A3956D46DE8}") = "02", "02", "{85B7DAAD-F4E6-4A73-AE61-879ADBEC779A}"
EndProject
Project("{2150E333-8FDC-42A3-9474-1A3956D46DE8}") = "03", "03", "{79472789-F42E-4C51-9FDC-F1862AF3C8EE}"
EndProject
Project("{2150E333-8FDC-42A3-9474-1A3956D46DE8}") = "06", "06", "{42D34025-E5B6-4BAD-8069-3ADC8CD05899}"
EndProject
Project("{FAE04EC0-301F-11D3-BF4B-00C04F79EFBC}") = "06_2D_Black_White", "tasks_source_code\06_2D_Black_White\06_2D_Black_White.csproj", "{E4A7EFFD-FA83-47E8-820C-8FF8C7FE6BFD}"
EndProject
Project("{FAE04EC0-301F-11D3-BF4B-00C04F79EFBC}") = "02_Button_06", "tasks_source_code\02_Button_06\02_Button_06.csproj", "{D57B0765-8007-47C9-86ED-7EAFA59ECAE9}"
EndProject
Project("{FAE04EC0-301F-11D3-BF4B-00C04F79EFBC}") = "02_Button_07", "tasks_source_code\02_Button_07\02_Button_07.csproj", "{22CA4D4B-708F-43B6-BBE0-269C890BAC51}"
EndProject
Project("{FAE04EC0-301F-11D3-BF4B-00C04F79EFBC}") = "02_Button_08", "tasks_source_code\02_Button_08\02_Button_08.csproj", "{EDC8CF17-59E8-4140-96DE-907EA1D20F25}"
EndProject
Project("{FAE04EC0-301F-11D3-BF4B-00C04F79EFBC}") = "02_Button_09", "tasks_source_code\02_Button_09\02_Button_09.csproj", "{4623572C-48CB-4819-97F8-30D92EDFD711}"
EndProject
Project("{FAE04EC0-301F-11D3-BF4B-00C04F79EFBC}") = "02_Button_10", "tasks_source_code\02_Button_10\02_Button_10.csproj", "{63E8CDDC-2869-453D-8CBC-EB40CFC5ACF5}"
EndProject
Project("{FAE04EC0-301F-11D3-BF4B-00C04F79EFBC}") = "02_Button_11", "tasks_source_code\02_Button_11\02_Button_11.csproj", "{D5B35A63-060B-439F-B610-AD9D6F4EF00C}"
EndProject
Global
	GlobalSection(SolutionConfigurationPlatforms) = preSolution
		Debug|Any CPU = Debug|Any CPU
		Debug|x86 = Debug|x86
		Release|Any CPU = Release|Any CPU
		Release|x86 = Release|x86
	EndGlobalSection
	GlobalSection(ProjectConfigurationPlatforms) = postSolution
		{89E53C47-5189-4FAE-AE59-C48C31477783}.Debug|Any CPU.ActiveCfg = Debug|Any CPU
		{89E53C47-5189-4FAE-AE59-C48C31477783}.Debug|Any CPU.Build.0 = Debug|Any CPU
		{89E53C47-5189-4FAE-AE59-C48C31477783}.Debug|x86.ActiveCfg = Debug|Any CPU
		{89E53C47-5189-4FAE-AE59-C48C31477783}.Debug|x86.Build.0 = Debug|Any CPU
		{89E53C47-5189-4FAE-AE59-C48C31477783}.Release|Any CPU.ActiveCfg = Release|Any CPU
		{89E53C47-5189-4FAE-AE59-C48C31477783}.Release|Any CPU.Build.0 = Release|Any CPU
		{89E53C47-5189-4FAE-AE59-C48C31477783}.Release|x86.ActiveCfg = Release|Any CPU
		{89E53C47-5189-4FAE-AE59-C48C31477783}.Release|x86.Build.0 = Release|Any CPU
		{65A901DD-158C-4E54-A929-17F0C714D1CB}.Debug|Any CPU.ActiveCfg = Debug|Any CPU
		{65A901DD-158C-4E54-A929-17F0C714D1CB}.Debug|Any CPU.Build.0 = Debug|Any CPU
		{65A901DD-158C-4E54-A929-17F0C714D1CB}.Debug|x86.ActiveCfg = Debug|Any CPU
		{65A901DD-158C-4E54-A929-17F0C714D1CB}.Debug|x86.Build.0 = Debug|Any CPU
		{65A901DD-158C-4E54-A929-17F0C714D1CB}.Release|Any CPU.ActiveCfg = Release|Any CPU
		{65A901DD-158C-4E54-A929-17F0C714D1CB}.Release|Any CPU.Build.0 = Release|Any CPU
		{65A901DD-158C-4E54-A929-17F0C714D1CB}.Release|x86.ActiveCfg = Release|Any CPU
		{65A901DD-158C-4E54-A929-17F0C714D1CB}.Release|x86.Build.0 = Release|Any CPU
		{D2D745FA-467C-4F8A-BA34-4E20B126647E}.Debug|Any CPU.ActiveCfg = Debug|Any CPU
		{D2D745FA-467C-4F8A-BA34-4E20B126647E}.Debug|Any CPU.Build.0 = Debug|Any CPU
		{D2D745FA-467C-4F8A-BA34-4E20B126647E}.Debug|x86.ActiveCfg = Debug|Any CPU
		{D2D745FA-467C-4F8A-BA34-4E20B126647E}.Debug|x86.Build.0 = Debug|Any CPU
		{D2D745FA-467C-4F8A-BA34-4E20B126647E}.Release|Any CPU.ActiveCfg = Release|Any CPU
		{D2D745FA-467C-4F8A-BA34-4E20B126647E}.Release|Any CPU.Build.0 = Release|Any CPU
		{D2D745FA-467C-4F8A-BA34-4E20B126647E}.Release|x86.ActiveCfg = Release|Any CPU
		{D2D745FA-467C-4F8A-BA34-4E20B126647E}.Release|x86.Build.0 = Release|Any CPU
		{6B815622-E677-4F85-A3F9-A595EA79487A}.Debug|Any CPU.ActiveCfg = Debug|Any CPU
		{6B815622-E677-4F85-A3F9-A595EA79487A}.Debug|Any CPU.Build.0 = Debug|Any CPU
		{6B815622-E677-4F85-A3F9-A595EA79487A}.Debug|x86.ActiveCfg = Debug|Any CPU
		{6B815622-E677-4F85-A3F9-A595EA79487A}.Debug|x86.Build.0 = Debug|Any CPU
		{6B815622-E677-4F85-A3F9-A595EA79487A}.Release|Any CPU.ActiveCfg = Release|Any CPU
		{6B815622-E677-4F85-A3F9-A595EA79487A}.Release|Any CPU.Build.0 = Release|Any CPU
		{6B815622-E677-4F85-A3F9-A595EA79487A}.Release|x86.ActiveCfg = Release|Any CPU
		{6B815622-E677-4F85-A3F9-A595EA79487A}.Release|x86.Build.0 = Release|Any CPU
		{1366742E-5CE9-4CD7-9A1A-9A27F8C3C4EB}.Debug|Any CPU.ActiveCfg = Debug|Any CPU
		{1366742E-5CE9-4CD7-9A1A-9A27F8C3C4EB}.Debug|Any CPU.Build.0 = Debug|Any CPU
		{1366742E-5CE9-4CD7-9A1A-9A27F8C3C4EB}.Debug|x86.ActiveCfg = Debug|Any CPU
		{1366742E-5CE9-4CD7-9A1A-9A27F8C3C4EB}.Debug|x86.Build.0 = Debug|Any CPU
		{1366742E-5CE9-4CD7-9A1A-9A27F8C3C4EB}.Release|Any CPU.ActiveCfg = Release|Any CPU
		{1366742E-5CE9-4CD7-9A1A-9A27F8C3C4EB}.Release|Any CPU.Build.0 = Release|Any CPU
		{1366742E-5CE9-4CD7-9A1A-9A27F8C3C4EB}.Release|x86.ActiveCfg = Release|Any CPU
		{1366742E-5CE9-4CD7-9A1A-9A27F8C3C4EB}.Release|x86.Build.0 = Release|Any CPU
		{32FCCC38-7C10-489C-B481-DE2DD61EF38F}.Debug|Any CPU.ActiveCfg = Debug|Any CPU
		{32FCCC38-7C10-489C-B481-DE2DD61EF38F}.Debug|Any CPU.Build.0 = Debug|Any CPU
		{32FCCC38-7C10-489C-B481-DE2DD61EF38F}.Debug|x86.ActiveCfg = Debug|Any CPU
		{32FCCC38-7C10-489C-B481-DE2DD61EF38F}.Debug|x86.Build.0 = Debug|Any CPU
		{32FCCC38-7C10-489C-B481-DE2DD61EF38F}.Release|Any CPU.ActiveCfg = Release|Any CPU
		{32FCCC38-7C10-489C-B481-DE2DD61EF38F}.Release|Any CPU.Build.0 = Release|Any CPU
		{32FCCC38-7C10-489C-B481-DE2DD61EF38F}.Release|x86.ActiveCfg = Release|Any CPU
		{32FCCC38-7C10-489C-B481-DE2DD61EF38F}.Release|x86.Build.0 = Release|Any CPU
		{EFB2ECEE-17AD-4AE7-85E2-908401DC8606}.Debug|Any CPU.ActiveCfg = Debug|Any CPU
		{EFB2ECEE-17AD-4AE7-85E2-908401DC8606}.Debug|Any CPU.Build.0 = Debug|Any CPU
		{EFB2ECEE-17AD-4AE7-85E2-908401DC8606}.Debug|x86.ActiveCfg = Debug|Any CPU
		{EFB2ECEE-17AD-4AE7-85E2-908401DC8606}.Debug|x86.Build.0 = Debug|Any CPU
		{EFB2ECEE-17AD-4AE7-85E2-908401DC8606}.Release|Any CPU.ActiveCfg = Release|Any CPU
		{EFB2ECEE-17AD-4AE7-85E2-908401DC8606}.Release|Any CPU.Build.0 = Release|Any CPU
		{EFB2ECEE-17AD-4AE7-85E2-908401DC8606}.Release|x86.ActiveCfg = Release|Any CPU
		{EFB2ECEE-17AD-4AE7-85E2-908401DC8606}.Release|x86.Build.0 = Release|Any CPU
		{79618A7A-F01E-4B83-96E3-187165E70DD3}.Debug|Any CPU.ActiveCfg = Debug|Any CPU
		{79618A7A-F01E-4B83-96E3-187165E70DD3}.Debug|Any CPU.Build.0 = Debug|Any CPU
		{79618A7A-F01E-4B83-96E3-187165E70DD3}.Debug|x86.ActiveCfg = Debug|Any CPU
		{79618A7A-F01E-4B83-96E3-187165E70DD3}.Debug|x86.Build.0 = Debug|Any CPU
		{79618A7A-F01E-4B83-96E3-187165E70DD3}.Release|Any CPU.ActiveCfg = Release|Any CPU
		{79618A7A-F01E-4B83-96E3-187165E70DD3}.Release|Any CPU.Build.0 = Release|Any CPU
		{79618A7A-F01E-4B83-96E3-187165E70DD3}.Release|x86.ActiveCfg = Release|Any CPU
		{79618A7A-F01E-4B83-96E3-187165E70DD3}.Release|x86.Build.0 = Release|Any CPU
		{D897C39E-1C99-4CF3-BFCE-0DD77A344B16}.Debug|Any CPU.ActiveCfg = Debug|Any CPU
		{D897C39E-1C99-4CF3-BFCE-0DD77A344B16}.Debug|Any CPU.Build.0 = Debug|Any CPU
		{D897C39E-1C99-4CF3-BFCE-0DD77A344B16}.Debug|x86.ActiveCfg = Debug|Any CPU
		{D897C39E-1C99-4CF3-BFCE-0DD77A344B16}.Debug|x86.Build.0 = Debug|Any CPU
		{D897C39E-1C99-4CF3-BFCE-0DD77A344B16}.Release|Any CPU.ActiveCfg = Release|Any CPU
		{D897C39E-1C99-4CF3-BFCE-0DD77A344B16}.Release|Any CPU.Build.0 = Release|Any CPU
		{D897C39E-1C99-4CF3-BFCE-0DD77A344B16}.Release|x86.ActiveCfg = Release|Any CPU
		{D897C39E-1C99-4CF3-BFCE-0DD77A344B16}.Release|x86.Build.0 = Release|Any CPU
		{4D368EF4-2676-4367-BFAE-53F1C4701F5E}.Debug|Any CPU.ActiveCfg = Debug|Any CPU
		{4D368EF4-2676-4367-BFAE-53F1C4701F5E}.Debug|Any CPU.Build.0 = Debug|Any CPU
		{4D368EF4-2676-4367-BFAE-53F1C4701F5E}.Debug|x86.ActiveCfg = Debug|Any CPU
		{4D368EF4-2676-4367-BFAE-53F1C4701F5E}.Debug|x86.Build.0 = Debug|Any CPU
		{4D368EF4-2676-4367-BFAE-53F1C4701F5E}.Release|Any CPU.ActiveCfg = Release|Any CPU
		{4D368EF4-2676-4367-BFAE-53F1C4701F5E}.Release|Any CPU.Build.0 = Release|Any CPU
		{4D368EF4-2676-4367-BFAE-53F1C4701F5E}.Release|x86.ActiveCfg = Release|Any CPU
		{4D368EF4-2676-4367-BFAE-53F1C4701F5E}.Release|x86.Build.0 = Release|Any CPU
		{14739C9B-761C-4ADD-85F5-1F19E2C4E063}.Debug|Any CPU.ActiveCfg = Debug|Any CPU
		{14739C9B-761C-4ADD-85F5-1F19E2C4E063}.Debug|Any CPU.Build.0 = Debug|Any CPU
		{14739C9B-761C-4ADD-85F5-1F19E2C4E063}.Debug|x86.ActiveCfg = Debug|Any CPU
		{14739C9B-761C-4ADD-85F5-1F19E2C4E063}.Debug|x86.Build.0 = Debug|Any CPU
		{14739C9B-761C-4ADD-85F5-1F19E2C4E063}.Release|Any CPU.ActiveCfg = Release|Any CPU
		{14739C9B-761C-4ADD-85F5-1F19E2C4E063}.Release|Any CPU.Build.0 = Release|Any CPU
		{14739C9B-761C-4ADD-85F5-1F19E2C4E063}.Release|x86.ActiveCfg = Release|Any CPU
		{14739C9B-761C-4ADD-85F5-1F19E2C4E063}.Release|x86.Build.0 = Release|Any CPU
		{AD0E8C10-02ED-4F4A-9654-2E2DE2B6E13D}.Debug|Any CPU.ActiveCfg = Debug|Any CPU
		{AD0E8C10-02ED-4F4A-9654-2E2DE2B6E13D}.Debug|Any CPU.Build.0 = Debug|Any CPU
		{AD0E8C10-02ED-4F4A-9654-2E2DE2B6E13D}.Debug|x86.ActiveCfg = Debug|Any CPU
		{AD0E8C10-02ED-4F4A-9654-2E2DE2B6E13D}.Debug|x86.Build.0 = Debug|Any CPU
		{AD0E8C10-02ED-4F4A-9654-2E2DE2B6E13D}.Release|Any CPU.ActiveCfg = Release|Any CPU
		{AD0E8C10-02ED-4F4A-9654-2E2DE2B6E13D}.Release|Any CPU.Build.0 = Release|Any CPU
		{AD0E8C10-02ED-4F4A-9654-2E2DE2B6E13D}.Release|x86.ActiveCfg = Release|Any CPU
		{AD0E8C10-02ED-4F4A-9654-2E2DE2B6E13D}.Release|x86.Build.0 = Release|Any CPU
		{EFEAB4BD-6283-4CA7-A806-CEBF3FAB7AAB}.Debug|Any CPU.ActiveCfg = Debug|Any CPU
		{EFEAB4BD-6283-4CA7-A806-CEBF3FAB7AAB}.Debug|Any CPU.Build.0 = Debug|Any CPU
		{EFEAB4BD-6283-4CA7-A806-CEBF3FAB7AAB}.Debug|x86.ActiveCfg = Debug|Any CPU
		{EFEAB4BD-6283-4CA7-A806-CEBF3FAB7AAB}.Debug|x86.Build.0 = Debug|Any CPU
		{EFEAB4BD-6283-4CA7-A806-CEBF3FAB7AAB}.Release|Any CPU.ActiveCfg = Release|Any CPU
		{EFEAB4BD-6283-4CA7-A806-CEBF3FAB7AAB}.Release|Any CPU.Build.0 = Release|Any CPU
		{EFEAB4BD-6283-4CA7-A806-CEBF3FAB7AAB}.Release|x86.ActiveCfg = Release|Any CPU
		{EFEAB4BD-6283-4CA7-A806-CEBF3FAB7AAB}.Release|x86.Build.0 = Release|Any CPU
		{175255C4-A2C7-48C6-AFBB-F3A1480032CE}.Debug|Any CPU.ActiveCfg = Debug|Any CPU
		{175255C4-A2C7-48C6-AFBB-F3A1480032CE}.Debug|Any CPU.Build.0 = Debug|Any CPU
		{175255C4-A2C7-48C6-AFBB-F3A1480032CE}.Debug|x86.ActiveCfg = Debug|Any CPU
		{175255C4-A2C7-48C6-AFBB-F3A1480032CE}.Debug|x86.Build.0 = Debug|Any CPU
		{175255C4-A2C7-48C6-AFBB-F3A1480032CE}.Release|Any CPU.ActiveCfg = Release|Any CPU
		{175255C4-A2C7-48C6-AFBB-F3A1480032CE}.Release|Any CPU.Build.0 = Release|Any CPU
		{175255C4-A2C7-48C6-AFBB-F3A1480032CE}.Release|x86.ActiveCfg = Release|Any CPU
		{175255C4-A2C7-48C6-AFBB-F3A1480032CE}.Release|x86.Build.0 = Release|Any CPU
		{37A7075F-78CA-4CAE-8137-46B4146F7D0F}.Debug|Any CPU.ActiveCfg = Debug|Any CPU
		{37A7075F-78CA-4CAE-8137-46B4146F7D0F}.Debug|Any CPU.Build.0 = Debug|Any CPU
		{37A7075F-78CA-4CAE-8137-46B4146F7D0F}.Debug|x86.ActiveCfg = Debug|Any CPU
		{37A7075F-78CA-4CAE-8137-46B4146F7D0F}.Debug|x86.Build.0 = Debug|Any CPU
		{37A7075F-78CA-4CAE-8137-46B4146F7D0F}.Release|Any CPU.ActiveCfg = Release|Any CPU
		{37A7075F-78CA-4CAE-8137-46B4146F7D0F}.Release|Any CPU.Build.0 = Release|Any CPU
		{37A7075F-78CA-4CAE-8137-46B4146F7D0F}.Release|x86.ActiveCfg = Release|Any CPU
		{37A7075F-78CA-4CAE-8137-46B4146F7D0F}.Release|x86.Build.0 = Release|Any CPU
		{8A35F3B4-E52B-4FBB-8D75-49C78F884573}.Debug|Any CPU.ActiveCfg = Debug|Any CPU
		{8A35F3B4-E52B-4FBB-8D75-49C78F884573}.Debug|Any CPU.Build.0 = Debug|Any CPU
		{8A35F3B4-E52B-4FBB-8D75-49C78F884573}.Debug|x86.ActiveCfg = Debug|Any CPU
		{8A35F3B4-E52B-4FBB-8D75-49C78F884573}.Debug|x86.Build.0 = Debug|Any CPU
		{8A35F3B4-E52B-4FBB-8D75-49C78F884573}.Release|Any CPU.ActiveCfg = Release|Any CPU
		{8A35F3B4-E52B-4FBB-8D75-49C78F884573}.Release|Any CPU.Build.0 = Release|Any CPU
		{8A35F3B4-E52B-4FBB-8D75-49C78F884573}.Release|x86.ActiveCfg = Release|Any CPU
		{8A35F3B4-E52B-4FBB-8D75-49C78F884573}.Release|x86.Build.0 = Release|Any CPU
		{46203D95-619D-4A86-BB6D-5691516D4DF4}.Debug|Any CPU.ActiveCfg = Debug|Any CPU
		{46203D95-619D-4A86-BB6D-5691516D4DF4}.Debug|Any CPU.Build.0 = Debug|Any CPU
		{46203D95-619D-4A86-BB6D-5691516D4DF4}.Debug|x86.ActiveCfg = Debug|Any CPU
		{46203D95-619D-4A86-BB6D-5691516D4DF4}.Debug|x86.Build.0 = Debug|Any CPU
		{46203D95-619D-4A86-BB6D-5691516D4DF4}.Release|Any CPU.ActiveCfg = Release|Any CPU
		{46203D95-619D-4A86-BB6D-5691516D4DF4}.Release|Any CPU.Build.0 = Release|Any CPU
		{46203D95-619D-4A86-BB6D-5691516D4DF4}.Release|x86.ActiveCfg = Release|Any CPU
		{46203D95-619D-4A86-BB6D-5691516D4DF4}.Release|x86.Build.0 = Release|Any CPU
		{DA664106-9B36-4144-A492-CCBF555A1BF1}.Debug|Any CPU.ActiveCfg = Debug|Any CPU
		{DA664106-9B36-4144-A492-CCBF555A1BF1}.Debug|Any CPU.Build.0 = Debug|Any CPU
		{DA664106-9B36-4144-A492-CCBF555A1BF1}.Debug|x86.ActiveCfg = Debug|Any CPU
		{DA664106-9B36-4144-A492-CCBF555A1BF1}.Debug|x86.Build.0 = Debug|Any CPU
		{DA664106-9B36-4144-A492-CCBF555A1BF1}.Release|Any CPU.ActiveCfg = Release|Any CPU
		{DA664106-9B36-4144-A492-CCBF555A1BF1}.Release|Any CPU.Build.0 = Release|Any CPU
		{DA664106-9B36-4144-A492-CCBF555A1BF1}.Release|x86.ActiveCfg = Release|Any CPU
		{DA664106-9B36-4144-A492-CCBF555A1BF1}.Release|x86.Build.0 = Release|Any CPU
		{570B8EC4-3B65-4F6A-A805-03168DC32812}.Debug|Any CPU.ActiveCfg = Debug|Any CPU
		{570B8EC4-3B65-4F6A-A805-03168DC32812}.Debug|Any CPU.Build.0 = Debug|Any CPU
		{570B8EC4-3B65-4F6A-A805-03168DC32812}.Debug|x86.ActiveCfg = Debug|Any CPU
		{570B8EC4-3B65-4F6A-A805-03168DC32812}.Debug|x86.Build.0 = Debug|Any CPU
		{570B8EC4-3B65-4F6A-A805-03168DC32812}.Release|Any CPU.ActiveCfg = Release|Any CPU
		{570B8EC4-3B65-4F6A-A805-03168DC32812}.Release|Any CPU.Build.0 = Release|Any CPU
		{570B8EC4-3B65-4F6A-A805-03168DC32812}.Release|x86.ActiveCfg = Release|Any CPU
		{570B8EC4-3B65-4F6A-A805-03168DC32812}.Release|x86.Build.0 = Release|Any CPU
		{E648EF0D-D026-4D8E-B95A-58456D285D6D}.Debug|Any CPU.ActiveCfg = Debug|Any CPU
		{E648EF0D-D026-4D8E-B95A-58456D285D6D}.Debug|Any CPU.Build.0 = Debug|Any CPU
		{E648EF0D-D026-4D8E-B95A-58456D285D6D}.Debug|x86.ActiveCfg = Debug|Any CPU
		{E648EF0D-D026-4D8E-B95A-58456D285D6D}.Debug|x86.Build.0 = Debug|Any CPU
		{E648EF0D-D026-4D8E-B95A-58456D285D6D}.Release|Any CPU.ActiveCfg = Release|Any CPU
		{E648EF0D-D026-4D8E-B95A-58456D285D6D}.Release|Any CPU.Build.0 = Release|Any CPU
		{E648EF0D-D026-4D8E-B95A-58456D285D6D}.Release|x86.ActiveCfg = Release|Any CPU
		{E648EF0D-D026-4D8E-B95A-58456D285D6D}.Release|x86.Build.0 = Release|Any CPU
		{31295CA3-F02B-4520-8F4D-B6A68D1E0894}.Debug|Any CPU.ActiveCfg = Debug|Any CPU
		{31295CA3-F02B-4520-8F4D-B6A68D1E0894}.Debug|Any CPU.Build.0 = Debug|Any CPU
		{31295CA3-F02B-4520-8F4D-B6A68D1E0894}.Debug|x86.ActiveCfg = Debug|Any CPU
		{31295CA3-F02B-4520-8F4D-B6A68D1E0894}.Debug|x86.Build.0 = Debug|Any CPU
		{31295CA3-F02B-4520-8F4D-B6A68D1E0894}.Release|Any CPU.ActiveCfg = Release|Any CPU
		{31295CA3-F02B-4520-8F4D-B6A68D1E0894}.Release|Any CPU.Build.0 = Release|Any CPU
		{31295CA3-F02B-4520-8F4D-B6A68D1E0894}.Release|x86.ActiveCfg = Release|Any CPU
		{31295CA3-F02B-4520-8F4D-B6A68D1E0894}.Release|x86.Build.0 = Release|Any CPU
		{48C8C074-9057-48FE-8511-70D74E7099DB}.Debug|Any CPU.ActiveCfg = Debug|Any CPU
		{48C8C074-9057-48FE-8511-70D74E7099DB}.Debug|Any CPU.Build.0 = Debug|Any CPU
		{48C8C074-9057-48FE-8511-70D74E7099DB}.Debug|x86.ActiveCfg = Debug|Any CPU
		{48C8C074-9057-48FE-8511-70D74E7099DB}.Debug|x86.Build.0 = Debug|Any CPU
		{48C8C074-9057-48FE-8511-70D74E7099DB}.Release|Any CPU.ActiveCfg = Release|Any CPU
		{48C8C074-9057-48FE-8511-70D74E7099DB}.Release|Any CPU.Build.0 = Release|Any CPU
		{48C8C074-9057-48FE-8511-70D74E7099DB}.Release|x86.ActiveCfg = Release|Any CPU
		{48C8C074-9057-48FE-8511-70D74E7099DB}.Release|x86.Build.0 = Release|Any CPU
		{296C1774-BEB4-481F-B4C7-568914B8E9B0}.Debug|Any CPU.ActiveCfg = Debug|Any CPU
		{296C1774-BEB4-481F-B4C7-568914B8E9B0}.Debug|Any CPU.Build.0 = Debug|Any CPU
		{296C1774-BEB4-481F-B4C7-568914B8E9B0}.Debug|x86.ActiveCfg = Debug|Any CPU
		{296C1774-BEB4-481F-B4C7-568914B8E9B0}.Debug|x86.Build.0 = Debug|Any CPU
		{296C1774-BEB4-481F-B4C7-568914B8E9B0}.Release|Any CPU.ActiveCfg = Release|Any CPU
		{296C1774-BEB4-481F-B4C7-568914B8E9B0}.Release|Any CPU.Build.0 = Release|Any CPU
		{296C1774-BEB4-481F-B4C7-568914B8E9B0}.Release|x86.ActiveCfg = Release|Any CPU
		{296C1774-BEB4-481F-B4C7-568914B8E9B0}.Release|x86.Build.0 = Release|Any CPU
		{54404CC1-70D3-47E4-81B5-581F0586E1B1}.Debug|Any CPU.ActiveCfg = Debug|Any CPU
		{54404CC1-70D3-47E4-81B5-581F0586E1B1}.Debug|Any CPU.Build.0 = Debug|Any CPU
		{54404CC1-70D3-47E4-81B5-581F0586E1B1}.Debug|x86.ActiveCfg = Debug|Any CPU
		{54404CC1-70D3-47E4-81B5-581F0586E1B1}.Debug|x86.Build.0 = Debug|Any CPU
		{54404CC1-70D3-47E4-81B5-581F0586E1B1}.Release|Any CPU.ActiveCfg = Release|Any CPU
		{54404CC1-70D3-47E4-81B5-581F0586E1B1}.Release|Any CPU.Build.0 = Release|Any CPU
		{54404CC1-70D3-47E4-81B5-581F0586E1B1}.Release|x86.ActiveCfg = Release|Any CPU
		{54404CC1-70D3-47E4-81B5-581F0586E1B1}.Release|x86.Build.0 = Release|Any CPU
		{5EC581DE-4351-4D74-95BB-A478148D6E94}.Debug|Any CPU.ActiveCfg = Debug|Any CPU
		{5EC581DE-4351-4D74-95BB-A478148D6E94}.Debug|Any CPU.Build.0 = Debug|Any CPU
		{5EC581DE-4351-4D74-95BB-A478148D6E94}.Debug|x86.ActiveCfg = Debug|Any CPU
		{5EC581DE-4351-4D74-95BB-A478148D6E94}.Debug|x86.Build.0 = Debug|Any CPU
		{5EC581DE-4351-4D74-95BB-A478148D6E94}.Release|Any CPU.ActiveCfg = Release|Any CPU
		{5EC581DE-4351-4D74-95BB-A478148D6E94}.Release|Any CPU.Build.0 = Release|Any CPU
		{5EC581DE-4351-4D74-95BB-A478148D6E94}.Release|x86.ActiveCfg = Release|Any CPU
		{5EC581DE-4351-4D74-95BB-A478148D6E94}.Release|x86.Build.0 = Release|Any CPU
		{B9E28BBB-4797-43B4-9589-5FAFCFE16008}.Debug|Any CPU.ActiveCfg = Debug|Any CPU
		{B9E28BBB-4797-43B4-9589-5FAFCFE16008}.Debug|Any CPU.Build.0 = Debug|Any CPU
		{B9E28BBB-4797-43B4-9589-5FAFCFE16008}.Debug|x86.ActiveCfg = Debug|Any CPU
		{B9E28BBB-4797-43B4-9589-5FAFCFE16008}.Debug|x86.Build.0 = Debug|Any CPU
		{B9E28BBB-4797-43B4-9589-5FAFCFE16008}.Release|Any CPU.ActiveCfg = Release|Any CPU
		{B9E28BBB-4797-43B4-9589-5FAFCFE16008}.Release|Any CPU.Build.0 = Release|Any CPU
		{B9E28BBB-4797-43B4-9589-5FAFCFE16008}.Release|x86.ActiveCfg = Release|Any CPU
		{B9E28BBB-4797-43B4-9589-5FAFCFE16008}.Release|x86.Build.0 = Release|Any CPU
		{E4A7EFFD-FA83-47E8-820C-8FF8C7FE6BFD}.Debug|Any CPU.ActiveCfg = Debug|Any CPU
		{E4A7EFFD-FA83-47E8-820C-8FF8C7FE6BFD}.Debug|Any CPU.Build.0 = Debug|Any CPU
		{E4A7EFFD-FA83-47E8-820C-8FF8C7FE6BFD}.Debug|x86.ActiveCfg = Debug|Any CPU
		{E4A7EFFD-FA83-47E8-820C-8FF8C7FE6BFD}.Debug|x86.Build.0 = Debug|Any CPU
		{E4A7EFFD-FA83-47E8-820C-8FF8C7FE6BFD}.Release|Any CPU.ActiveCfg = Release|Any CPU
		{E4A7EFFD-FA83-47E8-820C-8FF8C7FE6BFD}.Release|Any CPU.Build.0 = Release|Any CPU
		{E4A7EFFD-FA83-47E8-820C-8FF8C7FE6BFD}.Release|x86.ActiveCfg = Release|Any CPU
		{E4A7EFFD-FA83-47E8-820C-8FF8C7FE6BFD}.Release|x86.Build.0 = Release|Any CPU
		{D57B0765-8007-47C9-86ED-7EAFA59ECAE9}.Debug|Any CPU.ActiveCfg = Debug|Any CPU
		{D57B0765-8007-47C9-86ED-7EAFA59ECAE9}.Debug|Any CPU.Build.0 = Debug|Any CPU
		{D57B0765-8007-47C9-86ED-7EAFA59ECAE9}.Debug|x86.ActiveCfg = Debug|Any CPU
		{D57B0765-8007-47C9-86ED-7EAFA59ECAE9}.Debug|x86.Build.0 = Debug|Any CPU
		{D57B0765-8007-47C9-86ED-7EAFA59ECAE9}.Release|Any CPU.ActiveCfg = Release|Any CPU
		{D57B0765-8007-47C9-86ED-7EAFA59ECAE9}.Release|Any CPU.Build.0 = Release|Any CPU
		{D57B0765-8007-47C9-86ED-7EAFA59ECAE9}.Release|x86.ActiveCfg = Release|Any CPU
		{D57B0765-8007-47C9-86ED-7EAFA59ECAE9}.Release|x86.Build.0 = Release|Any CPU
		{22CA4D4B-708F-43B6-BBE0-269C890BAC51}.Debug|Any CPU.ActiveCfg = Debug|Any CPU
		{22CA4D4B-708F-43B6-BBE0-269C890BAC51}.Debug|Any CPU.Build.0 = Debug|Any CPU
		{22CA4D4B-708F-43B6-BBE0-269C890BAC51}.Debug|x86.ActiveCfg = Debug|Any CPU
		{22CA4D4B-708F-43B6-BBE0-269C890BAC51}.Debug|x86.Build.0 = Debug|Any CPU
		{22CA4D4B-708F-43B6-BBE0-269C890BAC51}.Release|Any CPU.ActiveCfg = Release|Any CPU
		{22CA4D4B-708F-43B6-BBE0-269C890BAC51}.Release|Any CPU.Build.0 = Release|Any CPU
		{22CA4D4B-708F-43B6-BBE0-269C890BAC51}.Release|x86.ActiveCfg = Release|Any CPU
		{22CA4D4B-708F-43B6-BBE0-269C890BAC51}.Release|x86.Build.0 = Release|Any CPU
		{EDC8CF17-59E8-4140-96DE-907EA1D20F25}.Debug|Any CPU.ActiveCfg = Debug|Any CPU
		{EDC8CF17-59E8-4140-96DE-907EA1D20F25}.Debug|Any CPU.Build.0 = Debug|Any CPU
		{EDC8CF17-59E8-4140-96DE-907EA1D20F25}.Debug|x86.ActiveCfg = Debug|Any CPU
		{EDC8CF17-59E8-4140-96DE-907EA1D20F25}.Debug|x86.Build.0 = Debug|Any CPU
		{EDC8CF17-59E8-4140-96DE-907EA1D20F25}.Release|Any CPU.ActiveCfg = Release|Any CPU
		{EDC8CF17-59E8-4140-96DE-907EA1D20F25}.Release|Any CPU.Build.0 = Release|Any CPU
		{EDC8CF17-59E8-4140-96DE-907EA1D20F25}.Release|x86.ActiveCfg = Release|Any CPU
		{EDC8CF17-59E8-4140-96DE-907EA1D20F25}.Release|x86.Build.0 = Release|Any CPU
		{4623572C-48CB-4819-97F8-30D92EDFD711}.Debug|Any CPU.ActiveCfg = Debug|Any CPU
		{4623572C-48CB-4819-97F8-30D92EDFD711}.Debug|Any CPU.Build.0 = Debug|Any CPU
		{4623572C-48CB-4819-97F8-30D92EDFD711}.Debug|x86.ActiveCfg = Debug|Any CPU
		{4623572C-48CB-4819-97F8-30D92EDFD711}.Debug|x86.Build.0 = Debug|Any CPU
		{4623572C-48CB-4819-97F8-30D92EDFD711}.Release|Any CPU.ActiveCfg = Release|Any CPU
		{4623572C-48CB-4819-97F8-30D92EDFD711}.Release|Any CPU.Build.0 = Release|Any CPU
		{4623572C-48CB-4819-97F8-30D92EDFD711}.Release|x86.ActiveCfg = Release|Any CPU
		{4623572C-48CB-4819-97F8-30D92EDFD711}.Release|x86.Build.0 = Release|Any CPU
		{63E8CDDC-2869-453D-8CBC-EB40CFC5ACF5}.Debug|Any CPU.ActiveCfg = Debug|Any CPU
		{63E8CDDC-2869-453D-8CBC-EB40CFC5ACF5}.Debug|Any CPU.Build.0 = Debug|Any CPU
		{63E8CDDC-2869-453D-8CBC-EB40CFC5ACF5}.Debug|x86.ActiveCfg = Debug|Any CPU
		{63E8CDDC-2869-453D-8CBC-EB40CFC5ACF5}.Debug|x86.Build.0 = Debug|Any CPU
		{63E8CDDC-2869-453D-8CBC-EB40CFC5ACF5}.Release|Any CPU.ActiveCfg = Release|Any CPU
		{63E8CDDC-2869-453D-8CBC-EB40CFC5ACF5}.Release|Any CPU.Build.0 = Release|Any CPU
		{63E8CDDC-2869-453D-8CBC-EB40CFC5ACF5}.Release|x86.ActiveCfg = Release|Any CPU
		{63E8CDDC-2869-453D-8CBC-EB40CFC5ACF5}.Release|x86.Build.0 = Release|Any CPU
		{D5B35A63-060B-439F-B610-AD9D6F4EF00C}.Debug|Any CPU.ActiveCfg = Debug|Any CPU
		{D5B35A63-060B-439F-B610-AD9D6F4EF00C}.Debug|Any CPU.Build.0 = Debug|Any CPU
		{D5B35A63-060B-439F-B610-AD9D6F4EF00C}.Debug|x86.ActiveCfg = Debug|Any CPU
		{D5B35A63-060B-439F-B610-AD9D6F4EF00C}.Debug|x86.Build.0 = Debug|Any CPU
		{D5B35A63-060B-439F-B610-AD9D6F4EF00C}.Release|Any CPU.ActiveCfg = Release|Any CPU
		{D5B35A63-060B-439F-B610-AD9D6F4EF00C}.Release|Any CPU.Build.0 = Release|Any CPU
		{D5B35A63-060B-439F-B610-AD9D6F4EF00C}.Release|x86.ActiveCfg = Release|Any CPU
		{D5B35A63-060B-439F-B610-AD9D6F4EF00C}.Release|x86.Build.0 = Release|Any CPU
	EndGlobalSection
	GlobalSection(SolutionProperties) = preSolution
		HideSolutionNode = FALSE
	EndGlobalSection
	GlobalSection(NestedProjects) = preSolution
		{65A901DD-158C-4E54-A929-17F0C714D1CB} = {3EBB5F55-7275-414D-9ECC-0F949845D27E}
		{E73411AD-D911-492D-AB7E-018EA0018988} = {6775DFB8-4130-4DF8-8454-D98A21052E13}
		{6B815622-E677-4F85-A3F9-A595EA79487A} = {3EBB5F55-7275-414D-9ECC-0F949845D27E}
		{1366742E-5CE9-4CD7-9A1A-9A27F8C3C4EB} = {3EBB5F55-7275-414D-9ECC-0F949845D27E}
		{32FCCC38-7C10-489C-B481-DE2DD61EF38F} = {3EBB5F55-7275-414D-9ECC-0F949845D27E}
		{EFB2ECEE-17AD-4AE7-85E2-908401DC8606} = {3EBB5F55-7275-414D-9ECC-0F949845D27E}
		{79618A7A-F01E-4B83-96E3-187165E70DD3} = {3EBB5F55-7275-414D-9ECC-0F949845D27E}
		{4D368EF4-2676-4367-BFAE-53F1C4701F5E} = {3EBB5F55-7275-414D-9ECC-0F949845D27E}
		{14739C9B-761C-4ADD-85F5-1F19E2C4E063} = {85B7DAAD-F4E6-4A73-AE61-879ADBEC779A}
		{AD0E8C10-02ED-4F4A-9654-2E2DE2B6E13D} = {85B7DAAD-F4E6-4A73-AE61-879ADBEC779A}
		{EFEAB4BD-6283-4CA7-A806-CEBF3FAB7AAB} = {79472789-F42E-4C51-9FDC-F1862AF3C8EE}
		{175255C4-A2C7-48C6-AFBB-F3A1480032CE} = {79472789-F42E-4C51-9FDC-F1862AF3C8EE}
		{37A7075F-78CA-4CAE-8137-46B4146F7D0F} = {42D34025-E5B6-4BAD-8069-3ADC8CD05899}
		{8A35F3B4-E52B-4FBB-8D75-49C78F884573} = {3EBB5F55-7275-414D-9ECC-0F949845D27E}
		{46203D95-619D-4A86-BB6D-5691516D4DF4} = {3EBB5F55-7275-414D-9ECC-0F949845D27E}
		{DA664106-9B36-4144-A492-CCBF555A1BF1} = {3EBB5F55-7275-414D-9ECC-0F949845D27E}
		{570B8EC4-3B65-4F6A-A805-03168DC32812} = {3EBB5F55-7275-414D-9ECC-0F949845D27E}
		{E648EF0D-D026-4D8E-B95A-58456D285D6D} = {3EBB5F55-7275-414D-9ECC-0F949845D27E}
		{31295CA3-F02B-4520-8F4D-B6A68D1E0894} = {3EBB5F55-7275-414D-9ECC-0F949845D27E}
		{48C8C074-9057-48FE-8511-70D74E7099DB} = {3EBB5F55-7275-414D-9ECC-0F949845D27E}
		{55A8EC5C-BF88-4B6A-8FFA-813CD91E324B} = {6775DFB8-4130-4DF8-8454-D98A21052E13}
		{296C1774-BEB4-481F-B4C7-568914B8E9B0} = {85B7DAAD-F4E6-4A73-AE61-879ADBEC779A}
		{54404CC1-70D3-47E4-81B5-581F0586E1B1} = {85B7DAAD-F4E6-4A73-AE61-879ADBEC779A}
		{5EC581DE-4351-4D74-95BB-A478148D6E94} = {85B7DAAD-F4E6-4A73-AE61-879ADBEC779A}
		{B9E28BBB-4797-43B4-9589-5FAFCFE16008} = {85B7DAAD-F4E6-4A73-AE61-879ADBEC779A}
		{3EBB5F55-7275-414D-9ECC-0F949845D27E} = {413FB722-6CC8-4EDC-88CC-DE643CEF879F}
		{85B7DAAD-F4E6-4A73-AE61-879ADBEC779A} = {413FB722-6CC8-4EDC-88CC-DE643CEF879F}
		{79472789-F42E-4C51-9FDC-F1862AF3C8EE} = {413FB722-6CC8-4EDC-88CC-DE643CEF879F}
		{42D34025-E5B6-4BAD-8069-3ADC8CD05899} = {413FB722-6CC8-4EDC-88CC-DE643CEF879F}
		{E4A7EFFD-FA83-47E8-820C-8FF8C7FE6BFD} = {42D34025-E5B6-4BAD-8069-3ADC8CD05899}
		{D57B0765-8007-47C9-86ED-7EAFA59ECAE9} = {85B7DAAD-F4E6-4A73-AE61-879ADBEC779A}
		{22CA4D4B-708F-43B6-BBE0-269C890BAC51} = {85B7DAAD-F4E6-4A73-AE61-879ADBEC779A}
		{EDC8CF17-59E8-4140-96DE-907EA1D20F25} = {85B7DAAD-F4E6-4A73-AE61-879ADBEC779A}
		{4623572C-48CB-4819-97F8-30D92EDFD711} = {85B7DAAD-F4E6-4A73-AE61-879ADBEC779A}
		{63E8CDDC-2869-453D-8CBC-EB40CFC5ACF5} = {85B7DAAD-F4E6-4A73-AE61-879ADBEC779A}
		{D5B35A63-060B-439F-B610-AD9D6F4EF00C} = {85B7DAAD-F4E6-4A73-AE61-879ADBEC779A}
	EndGlobalSection
	GlobalSection(ExtensibilityGlobals) = postSolution
		SolutionGuid = {24A63605-5F2D-439D-81C1-5E775F49DF3C}
	EndGlobalSection
EndGlobal
